// !$*UTF8*$!
{
	archiveVersion = 1;
	classes = {
	};
	objectVersion = 48;
	objects = {

/* Begin PBXBuildFile section */
		2C07774222878E6600D246F0 /* GoogleService-Info.plist in Resources */ = {isa = PBXBuildFile; fileRef = 2C07774122878E6500D246F0 /* GoogleService-Info.plist */; };
		2C0777442287C51000D246F0 /* CommunitySearchCell.swift in Sources */ = {isa = PBXBuildFile; fileRef = 2C0777432287C51000D246F0 /* CommunitySearchCell.swift */; };
		2C07774C228F5DB600D246F0 /* ChatLogViewController.swift in Sources */ = {isa = PBXBuildFile; fileRef = 2C07774B228F5DB500D246F0 /* ChatLogViewController.swift */; };
		2C0941DC226C772B00A295C1 /* BasicInfoViewController.swift in Sources */ = {isa = PBXBuildFile; fileRef = 2C0941DB226C772B00A295C1 /* BasicInfoViewController.swift */; };
		2C0941DE226C7B6400A295C1 /* TextFieldTableCell.swift in Sources */ = {isa = PBXBuildFile; fileRef = 2C0941DD226C7B6400A295C1 /* TextFieldTableCell.swift */; };
		2C0AD01F2267D2FA007B96EA /* ContactInfoTableViewCell.swift in Sources */ = {isa = PBXBuildFile; fileRef = 2C0AD01E2267D2FA007B96EA /* ContactInfoTableViewCell.swift */; };
		2C0AD0212267DF93007B96EA /* DescriptionTableViewCell.swift in Sources */ = {isa = PBXBuildFile; fileRef = 2C0AD0202267DF93007B96EA /* DescriptionTableViewCell.swift */; };
		2C0ADB4B2042B3F700520F87 /* CommunityTableCell.swift in Sources */ = {isa = PBXBuildFile; fileRef = 2C0ADB4A2042B3F700520F87 /* CommunityTableCell.swift */; };
		2C0D47732287393C002D9E38 /* SearchTableCell.swift in Sources */ = {isa = PBXBuildFile; fileRef = 2C0D47722287393C002D9E38 /* SearchTableCell.swift */; };
		2C0D477F228784D4002D9E38 /* Message.swift in Sources */ = {isa = PBXBuildFile; fileRef = 2C0D477E228784D4002D9E38 /* Message.swift */; };
		2C1668DE2012B0BD007C9B38 /* User.swift in Sources */ = {isa = PBXBuildFile; fileRef = 2C1668DD2012B0BD007C9B38 /* User.swift */; };
		2C171CED226AA81F00E05064 /* PageControl.swift in Sources */ = {isa = PBXBuildFile; fileRef = 2C171CEC226AA81F00E05064 /* PageControl.swift */; };
		2C18A7812011A36700C03B20 /* Reachability.swift in Sources */ = {isa = PBXBuildFile; fileRef = 2C18A7802011A36700C03B20 /* Reachability.swift */; };
		2C198AAD204015F300CFC705 /* TabSelector.swift in Sources */ = {isa = PBXBuildFile; fileRef = 2C198AAC204015F300CFC705 /* TabSelector.swift */; };
		2C19D028227B628B00275B99 /* PushNotificationManager.swift in Sources */ = {isa = PBXBuildFile; fileRef = 2C19D027227B628B00275B99 /* PushNotificationManager.swift */; };
		2C19D02D227BA6FA00275B99 /* Assets.xcassets in Resources */ = {isa = PBXBuildFile; fileRef = 2C19D02C227BA6FA00275B99 /* Assets.xcassets */; };
		2C2841C6202D137100F8EA00 /* SearchEmptyState.swift in Sources */ = {isa = PBXBuildFile; fileRef = 2C2841C5202D137100F8EA00 /* SearchEmptyState.swift */; };
		2C42950120269C1900724385 /* UIViewController+.swift in Sources */ = {isa = PBXBuildFile; fileRef = 2C42950020269C1900724385 /* UIViewController+.swift */; };
		2C584C1D2018714500E17FD3 /* Header.swift in Sources */ = {isa = PBXBuildFile; fileRef = 2C584C1C2018714500E17FD3 /* Header.swift */; };
		2C5A54EF2042BF2C006DB37A /* UserCommunityCollectionViewCell.swift in Sources */ = {isa = PBXBuildFile; fileRef = 2C5A54EE2042BF2C006DB37A /* UserCommunityCollectionViewCell.swift */; };
		2C5A54F62043593A006DB37A /* PartnerPageViewController.swift in Sources */ = {isa = PBXBuildFile; fileRef = 2C5A54F52043593A006DB37A /* PartnerPageViewController.swift */; };
		2C5A54FA204BAA26006DB37A /* SpeakerCardDetailedController.swift in Sources */ = {isa = PBXBuildFile; fileRef = 2C5A54F9204BAA26006DB37A /* SpeakerCardDetailedController.swift */; };
		2C5A54FC204CC019006DB37A /* SearchTableViewController.swift in Sources */ = {isa = PBXBuildFile; fileRef = 2C5A54FB204CC019006DB37A /* SearchTableViewController.swift */; };
		2C5A54FE204D138F006DB37A /* ReportAbuseController.swift in Sources */ = {isa = PBXBuildFile; fileRef = 2C5A54FD204D138F006DB37A /* ReportAbuseController.swift */; };
		2C5A5500204D207C006DB37A /* ReportConfirmationView.swift in Sources */ = {isa = PBXBuildFile; fileRef = 2C5A54FF204D207C006DB37A /* ReportConfirmationView.swift */; };
		2C6924FA226DE1A30007496A /* InterestsUserTableCell.swift in Sources */ = {isa = PBXBuildFile; fileRef = 2C6924F9226DE1A30007496A /* InterestsUserTableCell.swift */; };
		2C6924FC226DEB590007496A /* InterestProfileEmptyTableCell.swift in Sources */ = {isa = PBXBuildFile; fileRef = 2C6924FB226DEB590007496A /* InterestProfileEmptyTableCell.swift */; };
		2C6988FC202A83C600F6B4A8 /* ChatEmptyState.swift in Sources */ = {isa = PBXBuildFile; fileRef = 2C6988FB202A83C600F6B4A8 /* ChatEmptyState.swift */; };
		2C6988FE202A89A700F6B4A8 /* ConnectEmptyState.swift in Sources */ = {isa = PBXBuildFile; fileRef = 2C6988FD202A89A700F6B4A8 /* ConnectEmptyState.swift */; };
		2C698900202ADDEA00F6B4A8 /* LandingController.swift in Sources */ = {isa = PBXBuildFile; fileRef = 2C6988FF202ADDEA00F6B4A8 /* LandingController.swift */; };
		2C698902202ADDF200F6B4A8 /* SignUpController.swift in Sources */ = {isa = PBXBuildFile; fileRef = 2C698901202ADDF200F6B4A8 /* SignUpController.swift */; };
		2C698904202ADDFE00F6B4A8 /* ProfilingController.swift in Sources */ = {isa = PBXBuildFile; fileRef = 2C698903202ADDFE00F6B4A8 /* ProfilingController.swift */; };
		2C698906202AEFC500F6B4A8 /* Display.swift in Sources */ = {isa = PBXBuildFile; fileRef = 2C698905202AEFC500F6B4A8 /* Display.swift */; };
		2C6D401A2287894F00FCF1F6 /* EmployeeTableCell.swift in Sources */ = {isa = PBXBuildFile; fileRef = 2C6D40182287894F00FCF1F6 /* EmployeeTableCell.swift */; };
		2C6D401B2287894F00FCF1F6 /* UserTableCell.swift in Sources */ = {isa = PBXBuildFile; fileRef = 2C6D40192287894F00FCF1F6 /* UserTableCell.swift */; };
		2C6D401D2287895900FCF1F6 /* Partner.swift in Sources */ = {isa = PBXBuildFile; fileRef = 2C6D401C2287895900FCF1F6 /* Partner.swift */; };
		2C6D401F2287896500FCF1F6 /* UserPageViewController.swift in Sources */ = {isa = PBXBuildFile; fileRef = 2C6D401E2287896500FCF1F6 /* UserPageViewController.swift */; };
		2C6D4021228789B700FCF1F6 /* PartnerCommunityCollectionViewController.swift in Sources */ = {isa = PBXBuildFile; fileRef = 2C6D4020228789B600FCF1F6 /* PartnerCommunityCollectionViewController.swift */; };
		2C708BDC200C40A0006E5ABD /* FeedbackPageView.swift in Sources */ = {isa = PBXBuildFile; fileRef = 2C708BDB200C40A0006E5ABD /* FeedbackPageView.swift */; };
		2C70FBC820021793002E97E7 /* AppDelegate.swift in Sources */ = {isa = PBXBuildFile; fileRef = 2C70FBC720021793002E97E7 /* AppDelegate.swift */; };
		2C79C8F52036148600FFCF70 /* InterestProfileTableCell.swift in Sources */ = {isa = PBXBuildFile; fileRef = 2C79C8F42036148600FFCF70 /* InterestProfileTableCell.swift */; };
		2C79C8F72036293900FFCF70 /* UICollectionViewAlignedLayout.swift in Sources */ = {isa = PBXBuildFile; fileRef = 2C79C8F62036293900FFCF70 /* UICollectionViewAlignedLayout.swift */; };
		2C79C8F920382A5B00FFCF70 /* InterestsViewController.swift in Sources */ = {isa = PBXBuildFile; fileRef = 2C79C8F820382A5A00FFCF70 /* InterestsViewController.swift */; };
		2C79C8FB20383AEB00FFCF70 /* InterestCell.swift in Sources */ = {isa = PBXBuildFile; fileRef = 2C79C8FA20383AEB00FFCF70 /* InterestCell.swift */; };
		2C7B601620044F4D00FF5488 /* TabBarController.swift in Sources */ = {isa = PBXBuildFile; fileRef = 2C7B601520044F4D00FF5488 /* TabBarController.swift */; };
		2C7B7E0A200B726A007CCE7C /* FeedbackModel.swift in Sources */ = {isa = PBXBuildFile; fileRef = 2C7B7E09200B726A007CCE7C /* FeedbackModel.swift */; };
		2C7DE7DC2016D7AF00EEB1F4 /* ConnectViewController.swift in Sources */ = {isa = PBXBuildFile; fileRef = 2C7DE7DB2016D7AF00EEB1F4 /* ConnectViewController.swift */; };
		2C7DE7F1201740D700EEB1F4 /* LaunchScreen.storyboard in Resources */ = {isa = PBXBuildFile; fileRef = 2C7DE7F0201740D700EEB1F4 /* LaunchScreen.storyboard */; };
		2C7E954A202D8FCF0020B7A4 /* NewChatController.swift in Sources */ = {isa = PBXBuildFile; fileRef = 2C7E9549202D8FCF0020B7A4 /* NewChatController.swift */; };
		2C7F6F02202594AC008AB0CD /* UICollectionView+.swift in Sources */ = {isa = PBXBuildFile; fileRef = 2C7F6F01202594AC008AB0CD /* UICollectionView+.swift */; };
		2C7F6F04202594B6008AB0CD /* UIColor+.swift in Sources */ = {isa = PBXBuildFile; fileRef = 2C7F6F03202594B6008AB0CD /* UIColor+.swift */; };
		2C7F6F06202594F4008AB0CD /* UITextView+.swift in Sources */ = {isa = PBXBuildFile; fileRef = 2C7F6F05202594F4008AB0CD /* UITextView+.swift */; };
		2C7F6F0820259522008AB0CD /* Bundle+.swift in Sources */ = {isa = PBXBuildFile; fileRef = 2C7F6F0720259522008AB0CD /* Bundle+.swift */; };
		2C7F6F0C2025959F008AB0CD /* UILabel+.swift in Sources */ = {isa = PBXBuildFile; fileRef = 2C7F6F0B2025959F008AB0CD /* UILabel+.swift */; };
		2C7F6F0E202595C1008AB0CD /* UserDefaults+.swift in Sources */ = {isa = PBXBuildFile; fileRef = 2C7F6F0D202595C1008AB0CD /* UserDefaults+.swift */; };
		2C7F6F12202595E9008AB0CD /* UIImageView+.swift in Sources */ = {isa = PBXBuildFile; fileRef = 2C7F6F11202595E9008AB0CD /* UIImageView+.swift */; };
		2C7F6F1420259604008AB0CD /* UIFont+.swift in Sources */ = {isa = PBXBuildFile; fileRef = 2C7F6F1320259604008AB0CD /* UIFont+.swift */; };
		2C7F6F1620259622008AB0CD /* Badge.swift in Sources */ = {isa = PBXBuildFile; fileRef = 2C7F6F1520259622008AB0CD /* Badge.swift */; };
		2C7F6F182025967C008AB0CD /* CustomButtons.swift in Sources */ = {isa = PBXBuildFile; fileRef = 2C7F6F172025967C008AB0CD /* CustomButtons.swift */; };
		2C7F6F1A2025D902008AB0CD /* ChatAccessoryView.swift in Sources */ = {isa = PBXBuildFile; fileRef = 2C7F6F192025D902008AB0CD /* ChatAccessoryView.swift */; };
		2C82C59A202AF567004A2CBE /* ProfilingPage.swift in Sources */ = {isa = PBXBuildFile; fileRef = 2C82C599202AF567004A2CBE /* ProfilingPage.swift */; };
		2C82C59C202C4BCA004A2CBE /* ProfilingPageView.swift in Sources */ = {isa = PBXBuildFile; fileRef = 2C82C59B202C4BC9004A2CBE /* ProfilingPageView.swift */; };
		2C87DACF200CA072004F8730 /* Classes.swift in Sources */ = {isa = PBXBuildFile; fileRef = 2C87DACE200CA072004F8730 /* Classes.swift */; };
		2CA3E0D220098276005617A9 /* FeedbackPagesViewController.swift in Sources */ = {isa = PBXBuildFile; fileRef = 2CA3E0D120098276005617A9 /* FeedbackPagesViewController.swift */; };
		2CB6AFE62264122400E1702E /* SettingsTableViewCell.swift in Sources */ = {isa = PBXBuildFile; fileRef = 2CB6AFE52264122400E1702E /* SettingsTableViewCell.swift */; };
		2CB6AFE8226481EC00E1702E /* ScheduleInfoTableViewCell.swift in Sources */ = {isa = PBXBuildFile; fileRef = 2CB6AFE7226481EC00E1702E /* ScheduleInfoTableViewCell.swift */; };
		2CBE2EC120351967009E5268 /* UIView+.swift in Sources */ = {isa = PBXBuildFile; fileRef = 2CBE2EC020351967009E5268 /* UIView+.swift */; };
		2CBE2EC3203525C2009E5268 /* GradientCell.swift in Sources */ = {isa = PBXBuildFile; fileRef = 2CBE2EC2203525C2009E5268 /* GradientCell.swift */; };
		2CC3C8FA203E608900D70190 /* BottomSheetView.swift in Sources */ = {isa = PBXBuildFile; fileRef = 2CC3C8F9203E608900D70190 /* BottomSheetView.swift */; };
		2CC3EF642015752000EBC7B2 /* settings.json in Resources */ = {isa = PBXBuildFile; fileRef = 2CC3EF61201566A500EBC7B2 /* settings.json */; };
		2CC3EF68201577B900EBC7B2 /* AboutPage.swift in Sources */ = {isa = PBXBuildFile; fileRef = 2CC3EF67201577B900EBC7B2 /* AboutPage.swift */; };
		2CC3EF6A201577DD00EBC7B2 /* AboutPageView.swift in Sources */ = {isa = PBXBuildFile; fileRef = 2CC3EF69201577DD00EBC7B2 /* AboutPageView.swift */; };
		2CCE51FD20060E4A00DFC9B1 /* Constants.swift in Sources */ = {isa = PBXBuildFile; fileRef = 2CCE51FC20060E4A00DFC9B1 /* Constants.swift */; };
		2CCE520B20061CB300DFC9B1 /* SettingsViewController.swift in Sources */ = {isa = PBXBuildFile; fileRef = 2CCE520A20061CB300DFC9B1 /* SettingsViewController.swift */; };
		2CD55AD62033EFA100299926 /* ProfileViewController.swift in Sources */ = {isa = PBXBuildFile; fileRef = 2CD55AD52033EFA100299926 /* ProfileViewController.swift */; };
		2CDD28572019C77900AB1F32 /* ChatMessageCell.swift in Sources */ = {isa = PBXBuildFile; fileRef = 2CDD28562019C77900AB1F32 /* ChatMessageCell.swift */; };
		2CDD2859201AB27300AB1F32 /* ChatTableCell.swift in Sources */ = {isa = PBXBuildFile; fileRef = 2CDD2858201AB27200AB1F32 /* ChatTableCell.swift */; };
		2CDF6B072042422200CC3B92 /* CommunityViewController.swift in Sources */ = {isa = PBXBuildFile; fileRef = 2CDF6B062042422200CC3B92 /* CommunityViewController.swift */; };
		2CEBB14922601A3400821896 /* EventViewController.swift in Sources */ = {isa = PBXBuildFile; fileRef = 2CEBB14822601A3400821896 /* EventViewController.swift */; };
		2CEBB14B22601A8B00821896 /* PageSelector.swift in Sources */ = {isa = PBXBuildFile; fileRef = 2CEBB14A22601A8B00821896 /* PageSelector.swift */; };
		2CEBB14F22615B9A00821896 /* EventChallengeCollectionViewCell.swift in Sources */ = {isa = PBXBuildFile; fileRef = 2CEBB14E22615B9A00821896 /* EventChallengeCollectionViewCell.swift */; };
		2CEBB15122616B9600821896 /* EventLocationCollectionViewCell.swift in Sources */ = {isa = PBXBuildFile; fileRef = 2CEBB15022616B9600821896 /* EventLocationCollectionViewCell.swift */; };
		2CEBB155226244D700821896 /* LocationTableViewCell.swift in Sources */ = {isa = PBXBuildFile; fileRef = 2CEBB154226244D700821896 /* LocationTableViewCell.swift */; };
		2CEBB15722627F9800821896 /* CLLocation+.swift in Sources */ = {isa = PBXBuildFile; fileRef = 2CEBB15622627F9800821896 /* CLLocation+.swift */; };
		2CEBB1592262B24900821896 /* EventScheduleCollectionViewCell.swift in Sources */ = {isa = PBXBuildFile; fileRef = 2CEBB1582262B24900821896 /* EventScheduleCollectionViewCell.swift */; };
		2CEBB15B2262C21F00821896 /* ScheduleTalkTableViewCell.swift in Sources */ = {isa = PBXBuildFile; fileRef = 2CEBB15A2262C21F00821896 /* ScheduleTalkTableViewCell.swift */; };
		2CEE5F6E2006F3C100E86365 /* SettingsModel.swift in Sources */ = {isa = PBXBuildFile; fileRef = 2CEE5F6D2006F3C100E86365 /* SettingsModel.swift */; };
		2CEE5F7A2007619300E86365 /* NetworkManager.swift in Sources */ = {isa = PBXBuildFile; fileRef = 2CEE5F792007619300E86365 /* NetworkManager.swift */; };
		2CF6CB28228503B30050A053 /* TrendingCommunityCollectionViewCell.swift in Sources */ = {isa = PBXBuildFile; fileRef = 2CF6CB27228503B30050A053 /* TrendingCommunityCollectionViewCell.swift */; };
		2CF6CB2C2285D1F10050A053 /* TextViewTableCell.swift in Sources */ = {isa = PBXBuildFile; fileRef = 2CF6CB2B2285D1F10050A053 /* TextViewTableCell.swift */; };
		B95FFD08759527F425F650B5 /* Pods_anansiUITests.framework in Frameworks */ = {isa = PBXBuildFile; fileRef = D18096C91B3B26560BA2F602 /* Pods_anansiUITests.framework */; };
		BA1C59036402AFD5F13C45F0 /* Pods_anansi.framework in Frameworks */ = {isa = PBXBuildFile; fileRef = 37FD1B723E6AE023E8F8018A /* Pods_anansi.framework */; };
		D63D6345772DACAD67134DD7 /* Pods_anansiTests.framework in Frameworks */ = {isa = PBXBuildFile; fileRef = E29D30928CE4C329A504D4F0 /* Pods_anansiTests.framework */; };
/* End PBXBuildFile section */

/* Begin PBXContainerItemProxy section */
		2C70FBDB20021794002E97E7 /* PBXContainerItemProxy */ = {
			isa = PBXContainerItemProxy;
			containerPortal = 2C70FBBC20021793002E97E7 /* Project object */;
			proxyType = 1;
			remoteGlobalIDString = 2C70FBC320021793002E97E7;
			remoteInfo = anansi;
		};
		2C70FBE620021794002E97E7 /* PBXContainerItemProxy */ = {
			isa = PBXContainerItemProxy;
			containerPortal = 2C70FBBC20021793002E97E7 /* Project object */;
			proxyType = 1;
			remoteGlobalIDString = 2C70FBC320021793002E97E7;
			remoteInfo = anansi;
		};
/* End PBXContainerItemProxy section */

/* Begin PBXFileReference section */
		1C5C16022A37BE4973F0C034 /* Pods-anansiUITests.release.xcconfig */ = {isa = PBXFileReference; includeInIndex = 1; lastKnownFileType = text.xcconfig; name = "Pods-anansiUITests.release.xcconfig"; path = "Pods/Target Support Files/Pods-anansiUITests/Pods-anansiUITests.release.xcconfig"; sourceTree = "<group>"; };
		2C07774122878E6500D246F0 /* GoogleService-Info.plist */ = {isa = PBXFileReference; fileEncoding = 4; lastKnownFileType = text.plist.xml; path = "GoogleService-Info.plist"; sourceTree = "<group>"; };
		2C0777432287C51000D246F0 /* CommunitySearchCell.swift */ = {isa = PBXFileReference; lastKnownFileType = sourcecode.swift; path = CommunitySearchCell.swift; sourceTree = "<group>"; };
		2C07774B228F5DB500D246F0 /* ChatLogViewController.swift */ = {isa = PBXFileReference; fileEncoding = 4; lastKnownFileType = sourcecode.swift; path = ChatLogViewController.swift; sourceTree = "<group>"; };
		2C07774D2290501B00D246F0 /* Message.swift */ = {isa = PBXFileReference; fileEncoding = 4; lastKnownFileType = sourcecode.swift; name = Message.swift; path = "anansi/3. Connect/Model/Message.swift"; sourceTree = SOURCE_ROOT; };
		2C0941DB226C772B00A295C1 /* BasicInfoViewController.swift */ = {isa = PBXFileReference; lastKnownFileType = sourcecode.swift; path = BasicInfoViewController.swift; sourceTree = "<group>"; };
		2C0941DD226C7B6400A295C1 /* TextFieldTableCell.swift */ = {isa = PBXFileReference; lastKnownFileType = sourcecode.swift; path = TextFieldTableCell.swift; sourceTree = "<group>"; };
		2C0AD01E2267D2FA007B96EA /* ContactInfoTableViewCell.swift */ = {isa = PBXFileReference; lastKnownFileType = sourcecode.swift; path = ContactInfoTableViewCell.swift; sourceTree = "<group>"; };
		2C0AD0202267DF93007B96EA /* DescriptionTableViewCell.swift */ = {isa = PBXFileReference; lastKnownFileType = sourcecode.swift; path = DescriptionTableViewCell.swift; sourceTree = "<group>"; };
		2C0ADB4A2042B3F700520F87 /* CommunityTableCell.swift */ = {isa = PBXFileReference; lastKnownFileType = sourcecode.swift; path = CommunityTableCell.swift; sourceTree = "<group>"; };
		2C0D47722287393C002D9E38 /* SearchTableCell.swift */ = {isa = PBXFileReference; lastKnownFileType = sourcecode.swift; path = SearchTableCell.swift; sourceTree = "<group>"; };
		2C0D477E228784D4002D9E38 /* Message.swift */ = {isa = PBXFileReference; fileEncoding = 4; lastKnownFileType = sourcecode.swift; name = Message.swift; path = "anansi/3. Connect/Model/Message.swift"; sourceTree = SOURCE_ROOT; };
		2C1668DD2012B0BD007C9B38 /* User.swift */ = {isa = PBXFileReference; lastKnownFileType = sourcecode.swift; path = User.swift; sourceTree = "<group>"; };
		2C171CEC226AA81F00E05064 /* PageControl.swift */ = {isa = PBXFileReference; lastKnownFileType = sourcecode.swift; path = PageControl.swift; sourceTree = "<group>"; };
		2C18A7802011A36700C03B20 /* Reachability.swift */ = {isa = PBXFileReference; lastKnownFileType = sourcecode.swift; path = Reachability.swift; sourceTree = "<group>"; };
		2C198AAC204015F300CFC705 /* TabSelector.swift */ = {isa = PBXFileReference; lastKnownFileType = sourcecode.swift; path = TabSelector.swift; sourceTree = "<group>"; };
		2C19D027227B628B00275B99 /* PushNotificationManager.swift */ = {isa = PBXFileReference; lastKnownFileType = sourcecode.swift; path = PushNotificationManager.swift; sourceTree = "<group>"; };
		2C19D02C227BA6FA00275B99 /* Assets.xcassets */ = {isa = PBXFileReference; lastKnownFileType = folder.assetcatalog; path = Assets.xcassets; sourceTree = "<group>"; };
		2C2841C5202D137100F8EA00 /* SearchEmptyState.swift */ = {isa = PBXFileReference; lastKnownFileType = sourcecode.swift; path = SearchEmptyState.swift; sourceTree = "<group>"; };
		2C42950020269C1900724385 /* UIViewController+.swift */ = {isa = PBXFileReference; lastKnownFileType = sourcecode.swift; path = "UIViewController+.swift"; sourceTree = "<group>"; };
		2C584C1C2018714500E17FD3 /* Header.swift */ = {isa = PBXFileReference; lastKnownFileType = sourcecode.swift; path = Header.swift; sourceTree = "<group>"; };
		2C5A54EE2042BF2C006DB37A /* UserCommunityCollectionViewCell.swift */ = {isa = PBXFileReference; lastKnownFileType = sourcecode.swift; name = UserCommunityCollectionViewCell.swift; path = "../../2.2. User Profile/View/UserCommunityCollectionViewCell.swift"; sourceTree = "<group>"; };
		2C5A54F52043593A006DB37A /* PartnerPageViewController.swift */ = {isa = PBXFileReference; lastKnownFileType = sourcecode.swift; path = PartnerPageViewController.swift; sourceTree = "<group>"; };
		2C5A54F9204BAA26006DB37A /* SpeakerCardDetailedController.swift */ = {isa = PBXFileReference; lastKnownFileType = sourcecode.swift; path = SpeakerCardDetailedController.swift; sourceTree = "<group>"; };
		2C5A54FB204CC019006DB37A /* SearchTableViewController.swift */ = {isa = PBXFileReference; lastKnownFileType = sourcecode.swift; path = SearchTableViewController.swift; sourceTree = "<group>"; };
		2C5A54FD204D138F006DB37A /* ReportAbuseController.swift */ = {isa = PBXFileReference; lastKnownFileType = sourcecode.swift; path = ReportAbuseController.swift; sourceTree = "<group>"; };
		2C5A54FF204D207C006DB37A /* ReportConfirmationView.swift */ = {isa = PBXFileReference; lastKnownFileType = sourcecode.swift; path = ReportConfirmationView.swift; sourceTree = "<group>"; };
		2C66D1BA200C946900146296 /* IQKeyboardManagerSwift.framework */ = {isa = PBXFileReference; explicitFileType = wrapper.framework; path = IQKeyboardManagerSwift.framework; sourceTree = BUILT_PRODUCTS_DIR; };
		2C6924F9226DE1A30007496A /* InterestsUserTableCell.swift */ = {isa = PBXFileReference; lastKnownFileType = sourcecode.swift; path = InterestsUserTableCell.swift; sourceTree = "<group>"; };
		2C6924FB226DEB590007496A /* InterestProfileEmptyTableCell.swift */ = {isa = PBXFileReference; lastKnownFileType = sourcecode.swift; path = InterestProfileEmptyTableCell.swift; sourceTree = "<group>"; };
		2C6988FB202A83C600F6B4A8 /* ChatEmptyState.swift */ = {isa = PBXFileReference; lastKnownFileType = sourcecode.swift; path = ChatEmptyState.swift; sourceTree = "<group>"; };
		2C6988FD202A89A700F6B4A8 /* ConnectEmptyState.swift */ = {isa = PBXFileReference; lastKnownFileType = sourcecode.swift; path = ConnectEmptyState.swift; sourceTree = "<group>"; };
		2C6988FF202ADDEA00F6B4A8 /* LandingController.swift */ = {isa = PBXFileReference; lastKnownFileType = sourcecode.swift; path = LandingController.swift; sourceTree = "<group>"; };
		2C698901202ADDF200F6B4A8 /* SignUpController.swift */ = {isa = PBXFileReference; lastKnownFileType = sourcecode.swift; path = SignUpController.swift; sourceTree = "<group>"; };
		2C698903202ADDFE00F6B4A8 /* ProfilingController.swift */ = {isa = PBXFileReference; lastKnownFileType = sourcecode.swift; path = ProfilingController.swift; sourceTree = "<group>"; };
		2C698905202AEFC500F6B4A8 /* Display.swift */ = {isa = PBXFileReference; lastKnownFileType = sourcecode.swift; path = Display.swift; sourceTree = "<group>"; };
		2C6D40182287894F00FCF1F6 /* EmployeeTableCell.swift */ = {isa = PBXFileReference; fileEncoding = 4; lastKnownFileType = sourcecode.swift; path = EmployeeTableCell.swift; sourceTree = "<group>"; };
		2C6D40192287894F00FCF1F6 /* UserTableCell.swift */ = {isa = PBXFileReference; fileEncoding = 4; lastKnownFileType = sourcecode.swift; path = UserTableCell.swift; sourceTree = "<group>"; };
		2C6D401C2287895900FCF1F6 /* Partner.swift */ = {isa = PBXFileReference; fileEncoding = 4; lastKnownFileType = sourcecode.swift; path = Partner.swift; sourceTree = "<group>"; };
		2C6D401E2287896500FCF1F6 /* UserPageViewController.swift */ = {isa = PBXFileReference; fileEncoding = 4; lastKnownFileType = sourcecode.swift; path = UserPageViewController.swift; sourceTree = "<group>"; };
		2C6D4020228789B600FCF1F6 /* PartnerCommunityCollectionViewController.swift */ = {isa = PBXFileReference; fileEncoding = 4; lastKnownFileType = sourcecode.swift; path = PartnerCommunityCollectionViewController.swift; sourceTree = "<group>"; };
		2C708BDB200C40A0006E5ABD /* FeedbackPageView.swift */ = {isa = PBXFileReference; lastKnownFileType = sourcecode.swift; path = FeedbackPageView.swift; sourceTree = "<group>"; };
		2C70FBC420021793002E97E7 /* anansi.app */ = {isa = PBXFileReference; explicitFileType = wrapper.application; includeInIndex = 0; path = anansi.app; sourceTree = BUILT_PRODUCTS_DIR; };
		2C70FBC720021793002E97E7 /* AppDelegate.swift */ = {isa = PBXFileReference; lastKnownFileType = sourcecode.swift; path = AppDelegate.swift; sourceTree = "<group>"; };
		2C70FBD520021793002E97E7 /* Info.plist */ = {isa = PBXFileReference; lastKnownFileType = text.plist.xml; name = Info.plist; path = anansi/SupportFiles/Info.plist; sourceTree = SOURCE_ROOT; };
		2C70FBDA20021794002E97E7 /* anansiTests.xctest */ = {isa = PBXFileReference; explicitFileType = wrapper.cfbundle; includeInIndex = 0; path = anansiTests.xctest; sourceTree = BUILT_PRODUCTS_DIR; };
		2C70FBE520021794002E97E7 /* anansiUITests.xctest */ = {isa = PBXFileReference; explicitFileType = wrapper.cfbundle; includeInIndex = 0; path = anansiUITests.xctest; sourceTree = BUILT_PRODUCTS_DIR; };
		2C79C8F42036148600FFCF70 /* InterestProfileTableCell.swift */ = {isa = PBXFileReference; lastKnownFileType = sourcecode.swift; path = InterestProfileTableCell.swift; sourceTree = "<group>"; };
		2C79C8F62036293900FFCF70 /* UICollectionViewAlignedLayout.swift */ = {isa = PBXFileReference; lastKnownFileType = sourcecode.swift; path = UICollectionViewAlignedLayout.swift; sourceTree = "<group>"; };
		2C79C8F820382A5A00FFCF70 /* InterestsViewController.swift */ = {isa = PBXFileReference; lastKnownFileType = sourcecode.swift; path = InterestsViewController.swift; sourceTree = "<group>"; };
		2C79C8FA20383AEB00FFCF70 /* InterestCell.swift */ = {isa = PBXFileReference; lastKnownFileType = sourcecode.swift; path = InterestCell.swift; sourceTree = "<group>"; };
		2C7B601520044F4D00FF5488 /* TabBarController.swift */ = {isa = PBXFileReference; lastKnownFileType = sourcecode.swift; path = TabBarController.swift; sourceTree = "<group>"; };
		2C7B7E09200B726A007CCE7C /* FeedbackModel.swift */ = {isa = PBXFileReference; lastKnownFileType = sourcecode.swift; path = FeedbackModel.swift; sourceTree = "<group>"; };
		2C7DE7DB2016D7AF00EEB1F4 /* ConnectViewController.swift */ = {isa = PBXFileReference; lastKnownFileType = sourcecode.swift; path = ConnectViewController.swift; sourceTree = "<group>"; };
		2C7DE7F0201740D700EEB1F4 /* LaunchScreen.storyboard */ = {isa = PBXFileReference; fileEncoding = 4; lastKnownFileType = file.storyboard; path = LaunchScreen.storyboard; sourceTree = "<group>"; };
		2C7E9549202D8FCF0020B7A4 /* NewChatController.swift */ = {isa = PBXFileReference; lastKnownFileType = sourcecode.swift; path = NewChatController.swift; sourceTree = "<group>"; };
		2C7F6F01202594AC008AB0CD /* UICollectionView+.swift */ = {isa = PBXFileReference; lastKnownFileType = sourcecode.swift; path = "UICollectionView+.swift"; sourceTree = "<group>"; };
		2C7F6F03202594B6008AB0CD /* UIColor+.swift */ = {isa = PBXFileReference; lastKnownFileType = sourcecode.swift; path = "UIColor+.swift"; sourceTree = "<group>"; };
		2C7F6F05202594F4008AB0CD /* UITextView+.swift */ = {isa = PBXFileReference; lastKnownFileType = sourcecode.swift; path = "UITextView+.swift"; sourceTree = "<group>"; };
		2C7F6F0720259522008AB0CD /* Bundle+.swift */ = {isa = PBXFileReference; lastKnownFileType = sourcecode.swift; path = "Bundle+.swift"; sourceTree = "<group>"; };
		2C7F6F0B2025959F008AB0CD /* UILabel+.swift */ = {isa = PBXFileReference; lastKnownFileType = sourcecode.swift; path = "UILabel+.swift"; sourceTree = "<group>"; };
		2C7F6F0D202595C1008AB0CD /* UserDefaults+.swift */ = {isa = PBXFileReference; lastKnownFileType = sourcecode.swift; path = "UserDefaults+.swift"; sourceTree = "<group>"; };
		2C7F6F11202595E9008AB0CD /* UIImageView+.swift */ = {isa = PBXFileReference; lastKnownFileType = sourcecode.swift; path = "UIImageView+.swift"; sourceTree = "<group>"; };
		2C7F6F1320259604008AB0CD /* UIFont+.swift */ = {isa = PBXFileReference; lastKnownFileType = sourcecode.swift; path = "UIFont+.swift"; sourceTree = "<group>"; };
		2C7F6F1520259622008AB0CD /* Badge.swift */ = {isa = PBXFileReference; lastKnownFileType = sourcecode.swift; path = Badge.swift; sourceTree = "<group>"; };
		2C7F6F172025967C008AB0CD /* CustomButtons.swift */ = {isa = PBXFileReference; lastKnownFileType = sourcecode.swift; path = CustomButtons.swift; sourceTree = "<group>"; };
		2C7F6F192025D902008AB0CD /* ChatAccessoryView.swift */ = {isa = PBXFileReference; lastKnownFileType = sourcecode.swift; path = ChatAccessoryView.swift; sourceTree = "<group>"; };
		2C82C599202AF567004A2CBE /* ProfilingPage.swift */ = {isa = PBXFileReference; lastKnownFileType = sourcecode.swift; path = ProfilingPage.swift; sourceTree = "<group>"; };
		2C82C59B202C4BC9004A2CBE /* ProfilingPageView.swift */ = {isa = PBXFileReference; lastKnownFileType = sourcecode.swift; path = ProfilingPageView.swift; sourceTree = "<group>"; };
		2C87DACE200CA072004F8730 /* Classes.swift */ = {isa = PBXFileReference; lastKnownFileType = sourcecode.swift; path = Classes.swift; sourceTree = "<group>"; };
		2CA3E0D120098276005617A9 /* FeedbackPagesViewController.swift */ = {isa = PBXFileReference; lastKnownFileType = sourcecode.swift; path = FeedbackPagesViewController.swift; sourceTree = "<group>"; };
		2CB6AFE52264122400E1702E /* SettingsTableViewCell.swift */ = {isa = PBXFileReference; lastKnownFileType = sourcecode.swift; path = SettingsTableViewCell.swift; sourceTree = "<group>"; };
		2CB6AFE7226481EC00E1702E /* ScheduleInfoTableViewCell.swift */ = {isa = PBXFileReference; lastKnownFileType = sourcecode.swift; path = ScheduleInfoTableViewCell.swift; sourceTree = "<group>"; };
		2CBE2EC020351967009E5268 /* UIView+.swift */ = {isa = PBXFileReference; lastKnownFileType = sourcecode.swift; path = "UIView+.swift"; sourceTree = "<group>"; };
		2CBE2EC2203525C2009E5268 /* GradientCell.swift */ = {isa = PBXFileReference; lastKnownFileType = sourcecode.swift; path = GradientCell.swift; sourceTree = "<group>"; };
		2CC3C8F9203E608900D70190 /* BottomSheetView.swift */ = {isa = PBXFileReference; lastKnownFileType = sourcecode.swift; path = BottomSheetView.swift; sourceTree = "<group>"; };
		2CC3EF61201566A500EBC7B2 /* settings.json */ = {isa = PBXFileReference; fileEncoding = 4; lastKnownFileType = text.json; path = settings.json; sourceTree = "<group>"; };
		2CC3EF67201577B900EBC7B2 /* AboutPage.swift */ = {isa = PBXFileReference; lastKnownFileType = sourcecode.swift; path = AboutPage.swift; sourceTree = "<group>"; };
		2CC3EF69201577DD00EBC7B2 /* AboutPageView.swift */ = {isa = PBXFileReference; lastKnownFileType = sourcecode.swift; path = AboutPageView.swift; sourceTree = "<group>"; };
		2CCE51FC20060E4A00DFC9B1 /* Constants.swift */ = {isa = PBXFileReference; lastKnownFileType = sourcecode.swift; path = Constants.swift; sourceTree = "<group>"; };
		2CCE520A20061CB300DFC9B1 /* SettingsViewController.swift */ = {isa = PBXFileReference; lastKnownFileType = sourcecode.swift; path = SettingsViewController.swift; sourceTree = "<group>"; };
		2CD55AD52033EFA100299926 /* ProfileViewController.swift */ = {isa = PBXFileReference; lastKnownFileType = sourcecode.swift; path = ProfileViewController.swift; sourceTree = "<group>"; };
		2CDD28562019C77900AB1F32 /* ChatMessageCell.swift */ = {isa = PBXFileReference; lastKnownFileType = sourcecode.swift; path = ChatMessageCell.swift; sourceTree = "<group>"; };
		2CDD2858201AB27200AB1F32 /* ChatTableCell.swift */ = {isa = PBXFileReference; lastKnownFileType = sourcecode.swift; path = ChatTableCell.swift; sourceTree = "<group>"; };
		2CDF6B062042422200CC3B92 /* CommunityViewController.swift */ = {isa = PBXFileReference; lastKnownFileType = sourcecode.swift; path = CommunityViewController.swift; sourceTree = "<group>"; };
		2CEBB14822601A3400821896 /* EventViewController.swift */ = {isa = PBXFileReference; lastKnownFileType = sourcecode.swift; path = EventViewController.swift; sourceTree = "<group>"; };
		2CEBB14A22601A8B00821896 /* PageSelector.swift */ = {isa = PBXFileReference; lastKnownFileType = sourcecode.swift; path = PageSelector.swift; sourceTree = "<group>"; };
		2CEBB14E22615B9A00821896 /* EventChallengeCollectionViewCell.swift */ = {isa = PBXFileReference; lastKnownFileType = sourcecode.swift; path = EventChallengeCollectionViewCell.swift; sourceTree = "<group>"; };
		2CEBB15022616B9600821896 /* EventLocationCollectionViewCell.swift */ = {isa = PBXFileReference; lastKnownFileType = sourcecode.swift; path = EventLocationCollectionViewCell.swift; sourceTree = "<group>"; };
		2CEBB154226244D700821896 /* LocationTableViewCell.swift */ = {isa = PBXFileReference; lastKnownFileType = sourcecode.swift; path = LocationTableViewCell.swift; sourceTree = "<group>"; };
		2CEBB15622627F9800821896 /* CLLocation+.swift */ = {isa = PBXFileReference; lastKnownFileType = sourcecode.swift; path = "CLLocation+.swift"; sourceTree = "<group>"; };
		2CEBB1582262B24900821896 /* EventScheduleCollectionViewCell.swift */ = {isa = PBXFileReference; lastKnownFileType = sourcecode.swift; path = EventScheduleCollectionViewCell.swift; sourceTree = "<group>"; };
		2CEBB15A2262C21F00821896 /* ScheduleTalkTableViewCell.swift */ = {isa = PBXFileReference; lastKnownFileType = sourcecode.swift; path = ScheduleTalkTableViewCell.swift; sourceTree = "<group>"; };
		2CEE5F6D2006F3C100E86365 /* SettingsModel.swift */ = {isa = PBXFileReference; lastKnownFileType = sourcecode.swift; path = SettingsModel.swift; sourceTree = "<group>"; };
		2CEE5F792007619300E86365 /* NetworkManager.swift */ = {isa = PBXFileReference; lastKnownFileType = sourcecode.swift; path = NetworkManager.swift; sourceTree = "<group>"; };
		2CEE5F7B20077C4100E86365 /* anansi.entitlements */ = {isa = PBXFileReference; lastKnownFileType = text.plist.entitlements; path = anansi.entitlements; sourceTree = "<group>"; };
		2CF6CB27228503B30050A053 /* TrendingCommunityCollectionViewCell.swift */ = {isa = PBXFileReference; lastKnownFileType = sourcecode.swift; path = TrendingCommunityCollectionViewCell.swift; sourceTree = "<group>"; };
		2CF6CB2B2285D1F10050A053 /* TextViewTableCell.swift */ = {isa = PBXFileReference; lastKnownFileType = sourcecode.swift; path = TextViewTableCell.swift; sourceTree = "<group>"; };
		37FD1B723E6AE023E8F8018A /* Pods_anansi.framework */ = {isa = PBXFileReference; explicitFileType = wrapper.framework; includeInIndex = 0; path = Pods_anansi.framework; sourceTree = BUILT_PRODUCTS_DIR; };
		48FF4370CB871AA571BDAE75 /* Pods-anansi.debug.xcconfig */ = {isa = PBXFileReference; includeInIndex = 1; lastKnownFileType = text.xcconfig; name = "Pods-anansi.debug.xcconfig"; path = "Pods/Target Support Files/Pods-anansi/Pods-anansi.debug.xcconfig"; sourceTree = "<group>"; };
		4BFD344C501825741D0C54FE /* Pods-anansiTests.release.xcconfig */ = {isa = PBXFileReference; includeInIndex = 1; lastKnownFileType = text.xcconfig; name = "Pods-anansiTests.release.xcconfig"; path = "Pods/Target Support Files/Pods-anansiTests/Pods-anansiTests.release.xcconfig"; sourceTree = "<group>"; };
		4C94E276950456ECF4F412FE /* Pods-anansiUITests.debug.xcconfig */ = {isa = PBXFileReference; includeInIndex = 1; lastKnownFileType = text.xcconfig; name = "Pods-anansiUITests.debug.xcconfig"; path = "Pods/Target Support Files/Pods-anansiUITests/Pods-anansiUITests.debug.xcconfig"; sourceTree = "<group>"; };
		884CBBCB6B116AAB63481FFD /* Pods-anansiTests.debug.xcconfig */ = {isa = PBXFileReference; includeInIndex = 1; lastKnownFileType = text.xcconfig; name = "Pods-anansiTests.debug.xcconfig"; path = "Pods/Target Support Files/Pods-anansiTests/Pods-anansiTests.debug.xcconfig"; sourceTree = "<group>"; };
		89EAFA61B799BF29D85B7AE1 /* Pods-anansi.release.xcconfig */ = {isa = PBXFileReference; includeInIndex = 1; lastKnownFileType = text.xcconfig; name = "Pods-anansi.release.xcconfig"; path = "Pods/Target Support Files/Pods-anansi/Pods-anansi.release.xcconfig"; sourceTree = "<group>"; };
		D18096C91B3B26560BA2F602 /* Pods_anansiUITests.framework */ = {isa = PBXFileReference; explicitFileType = wrapper.framework; includeInIndex = 0; path = Pods_anansiUITests.framework; sourceTree = BUILT_PRODUCTS_DIR; };
		E29D30928CE4C329A504D4F0 /* Pods_anansiTests.framework */ = {isa = PBXFileReference; explicitFileType = wrapper.framework; includeInIndex = 0; path = Pods_anansiTests.framework; sourceTree = BUILT_PRODUCTS_DIR; };
/* End PBXFileReference section */

/* Begin PBXFrameworksBuildPhase section */
		2C70FBC120021793002E97E7 /* Frameworks */ = {
			isa = PBXFrameworksBuildPhase;
			buildActionMask = 2147483647;
			files = (
				BA1C59036402AFD5F13C45F0 /* Pods_anansi.framework in Frameworks */,
			);
			runOnlyForDeploymentPostprocessing = 0;
		};
		2C70FBD720021794002E97E7 /* Frameworks */ = {
			isa = PBXFrameworksBuildPhase;
			buildActionMask = 2147483647;
			files = (
				D63D6345772DACAD67134DD7 /* Pods_anansiTests.framework in Frameworks */,
			);
			runOnlyForDeploymentPostprocessing = 0;
		};
		2C70FBE220021794002E97E7 /* Frameworks */ = {
			isa = PBXFrameworksBuildPhase;
			buildActionMask = 2147483647;
			files = (
				B95FFD08759527F425F650B5 /* Pods_anansiUITests.framework in Frameworks */,
			);
			runOnlyForDeploymentPostprocessing = 0;
		};
/* End PBXFrameworksBuildPhase section */

/* Begin PBXGroup section */
		2C0D476A228731BD002D9E38 /* 2.2. User Profile */ = {
			isa = PBXGroup;
			children = (
				2C0D476D228731E9002D9E38 /* Controller */,
				2C0D476C228731E5002D9E38 /* View */,
				2C0D476B228731E1002D9E38 /* Model */,
			);
			path = "2.2. User Profile";
			sourceTree = "<group>";
		};
		2C0D476B228731E1002D9E38 /* Model */ = {
			isa = PBXGroup;
			children = (
				2C1668DD2012B0BD007C9B38 /* User.swift */,
			);
			path = Model;
			sourceTree = "<group>";
		};
		2C0D476C228731E5002D9E38 /* View */ = {
			isa = PBXGroup;
			children = (
				2C6924F9226DE1A30007496A /* InterestsUserTableCell.swift */,
				2C0AD0202267DF93007B96EA /* DescriptionTableViewCell.swift */,
				2C0AD01E2267D2FA007B96EA /* ContactInfoTableViewCell.swift */,
			);
			path = View;
			sourceTree = "<group>";
		};
		2C0D476D228731E9002D9E38 /* Controller */ = {
			isa = PBXGroup;
			children = (
				2C6D401E2287896500FCF1F6 /* UserPageViewController.swift */,
			);
			path = Controller;
			sourceTree = "<group>";
		};
		2C0D476F2287321F002D9E38 /* Model */ = {
			isa = PBXGroup;
			children = (
				2C6D401C2287895900FCF1F6 /* Partner.swift */,
			);
			path = Model;
			sourceTree = "<group>";
		};
		2C0D477022873225002D9E38 /* View */ = {
			isa = PBXGroup;
			children = (
				2C6D40182287894F00FCF1F6 /* EmployeeTableCell.swift */,
				2C6D40192287894F00FCF1F6 /* UserTableCell.swift */,
			);
			path = View;
			sourceTree = "<group>";
		};
		2C0D47712287322D002D9E38 /* Controller */ = {
			isa = PBXGroup;
			children = (
				2C5A54F52043593A006DB37A /* PartnerPageViewController.swift */,
			);
			path = Controller;
			sourceTree = "<group>";
		};
		2C2841CB202D1B0000F8EA00 /* Controller */ = {
			isa = PBXGroup;
			children = (
				2C6988FF202ADDEA00F6B4A8 /* LandingController.swift */,
				2C698903202ADDFE00F6B4A8 /* ProfilingController.swift */,
				2C698901202ADDF200F6B4A8 /* SignUpController.swift */,
			);
			path = Controller;
			sourceTree = "<group>";
		};
		2C2841CF202D1B8200F8EA00 /* Controller */ = {
			isa = PBXGroup;
			children = (
				2C7DE7DB2016D7AF00EEB1F4 /* ConnectViewController.swift */,
			);
			path = Controller;
			sourceTree = "<group>";
		};
		2C2841D0202D1B8C00F8EA00 /* Controller */ = {
			isa = PBXGroup;
			children = (
				2CDF6B062042422200CC3B92 /* CommunityViewController.swift */,
			);
			path = Controller;
			sourceTree = "<group>";
		};
		2C2841D1202D1B9100F8EA00 /* Controller */ = {
			isa = PBXGroup;
			children = (
				2CEBB14822601A3400821896 /* EventViewController.swift */,
				2C5A54F9204BAA26006DB37A /* SpeakerCardDetailedController.swift */,
			);
			path = Controller;
			sourceTree = "<group>";
		};
		2C2841D2202D1BB500F8EA00 /* Controller */ = {
			isa = PBXGroup;
			children = (
				2CD55AD52033EFA100299926 /* ProfileViewController.swift */,
			);
			path = Controller;
			sourceTree = "<group>";
		};
		2C6D40172287890900FCF1F6 /* 2.3. Partner Profile */ = {
			isa = PBXGroup;
			children = (
				2C0D47712287322D002D9E38 /* Controller */,
				2C0D477022873225002D9E38 /* View */,
				2C0D476F2287321F002D9E38 /* Model */,
			);
			path = "2.3. Partner Profile";
			sourceTree = "<group>";
		};
		2C70FBBB20021793002E97E7 = {
			isa = PBXGroup;
			children = (
				2C70FBC620021793002E97E7 /* anansi */,
				2C70FBC520021793002E97E7 /* Products */,
				929EE9F4B9086E95F798A574 /* Pods */,
				B434CDAC607721A40C4D7228 /* Frameworks */,
			);
			sourceTree = "<group>";
		};
		2C70FBC520021793002E97E7 /* Products */ = {
			isa = PBXGroup;
			children = (
				2C70FBC420021793002E97E7 /* anansi.app */,
				2C70FBDA20021794002E97E7 /* anansiTests.xctest */,
				2C70FBE520021794002E97E7 /* anansiUITests.xctest */,
			);
			name = Products;
			sourceTree = "<group>";
		};
		2C70FBC620021793002E97E7 /* anansi */ = {
			isa = PBXGroup;
			children = (
				2C7B601520044F4D00FF5488 /* TabBarController.swift */,
				2CEE5EC72284951D00ACC42C /* AccessoryViews */,
				2CEE5EBD2284947500ACC42C /* 1. Onboarding */,
				2CEE5EBF2284948200ACC42C /* 2. Explore */,
				2CEE5EDF22849AAF00ACC42C /* 2.1. Search */,
				2C0D476A228731BD002D9E38 /* 2.2. User Profile */,
				2C6D40172287890900FCF1F6 /* 2.3. Partner Profile */,
				2CEE5EBE2284947D00ACC42C /* 3. Connect */,
				2CEE5ED72284999A00ACC42C /* 3.1. Chat */,
				2C8AE56A204E5E6800DF8587 /* 3.2. ReportAbuse */,
				2CEE5EC3228494A200ACC42C /* 4. Event */,
				2CEE5EC12284949800ACC42C /* 5. Profile */,
				2CEE5EC22284949D00ACC42C /* 5.1. Settings */,
				2CEE5EC4228494D600ACC42C /* 5.2. Feedback */,
				2CEE5EDB228499FA00ACC42C /* 5.3. Interests */,
				2CEE5EDC22849A0100ACC42C /* 5.4. Basic information */,
				2CCE52022006127300DFC9B1 /* MediaFiles */,
				2CCE51FE200611B100DFC9B1 /* SupportFiles */,
			);
			path = anansi;
			sourceTree = "<group>";
		};
		2C7F6EFD202578A7008AB0CD /* Extensions */ = {
			isa = PBXGroup;
			children = (
				2C7F6F0720259522008AB0CD /* Bundle+.swift */,
				2CEBB15622627F9800821896 /* CLLocation+.swift */,
				2C7F6F01202594AC008AB0CD /* UICollectionView+.swift */,
				2C7F6F03202594B6008AB0CD /* UIColor+.swift */,
				2C7F6F1320259604008AB0CD /* UIFont+.swift */,
				2C7F6F11202595E9008AB0CD /* UIImageView+.swift */,
				2C7F6F0B2025959F008AB0CD /* UILabel+.swift */,
				2C7F6F05202594F4008AB0CD /* UITextView+.swift */,
				2C42950020269C1900724385 /* UIViewController+.swift */,
				2CBE2EC020351967009E5268 /* UIView+.swift */,
				2C7F6F0D202595C1008AB0CD /* UserDefaults+.swift */,
			);
			path = Extensions;
			sourceTree = "<group>";
		};
		2C7F6EFE202578BB008AB0CD /* CustomClasses */ = {
			isa = PBXGroup;
			children = (
				2C7F6F172025967C008AB0CD /* CustomButtons.swift */,
				2C698905202AEFC500F6B4A8 /* Display.swift */,
				2C87DACE200CA072004F8730 /* Classes.swift */,
				2C79C8F62036293900FFCF70 /* UICollectionViewAlignedLayout.swift */,
				2C171CEC226AA81F00E05064 /* PageControl.swift */,
			);
			path = CustomClasses;
			sourceTree = "<group>";
		};
		2C87DAD0200CA0BC004F8730 /* Network */ = {
			isa = PBXGroup;
			children = (
				2CEE5F792007619300E86365 /* NetworkManager.swift */,
				2C18A7802011A36700C03B20 /* Reachability.swift */,
				2C19D027227B628B00275B99 /* PushNotificationManager.swift */,
			);
			path = Network;
			sourceTree = "<group>";
		};
		2C87DAD1200CA0BC004F8730 /* Helpers */ = {
			isa = PBXGroup;
			children = (
				2CCE51FC20060E4A00DFC9B1 /* Constants.swift */,
				2C7F6EFE202578BB008AB0CD /* CustomClasses */,
				2C7F6EFD202578A7008AB0CD /* Extensions */,
			);
			path = Helpers;
			sourceTree = "<group>";
		};
		2C8AE56A204E5E6800DF8587 /* 3.2. ReportAbuse */ = {
			isa = PBXGroup;
			children = (
				2CEE5ED62284990F00ACC42C /* Controller */,
			);
			path = "3.2. ReportAbuse";
			sourceTree = "<group>";
		};
		2CC437CA22849D5600EFB442 /* View */ = {
			isa = PBXGroup;
			children = (
				2C2841C5202D137100F8EA00 /* SearchEmptyState.swift */,
				2C0D47722287393C002D9E38 /* SearchTableCell.swift */,
			);
			path = View;
			sourceTree = "<group>";
		};
		2CCE51FE200611B100DFC9B1 /* SupportFiles */ = {
			isa = PBXGroup;
			children = (
				2C87DAD1200CA0BC004F8730 /* Helpers */,
				2C87DAD0200CA0BC004F8730 /* Network */,
				2C70FBC720021793002E97E7 /* AppDelegate.swift */,
				2C7DE7F0201740D700EEB1F4 /* LaunchScreen.storyboard */,
				2C70FBD520021793002E97E7 /* Info.plist */,
				2C07774122878E6500D246F0 /* GoogleService-Info.plist */,
				2CC3EF61201566A500EBC7B2 /* settings.json */,
				2CEE5F7B20077C4100E86365 /* anansi.entitlements */,
			);
			path = SupportFiles;
			sourceTree = "<group>";
		};
		2CCE52022006127300DFC9B1 /* MediaFiles */ = {
			isa = PBXGroup;
			children = (
				2C19D02C227BA6FA00275B99 /* Assets.xcassets */,
			);
			path = MediaFiles;
			sourceTree = "<group>";
		};
		2CEE5EBD2284947500ACC42C /* 1. Onboarding */ = {
			isa = PBXGroup;
			children = (
				2C2841CB202D1B0000F8EA00 /* Controller */,
				2CEE5ECB228495EA00ACC42C /* View */,
				2CEE5ECA228495E000ACC42C /* Model */,
			);
			path = "1. Onboarding";
			sourceTree = "<group>";
		};
		2CEE5EBE2284947D00ACC42C /* 3. Connect */ = {
			isa = PBXGroup;
			children = (
				2C2841CF202D1B8200F8EA00 /* Controller */,
				2CEE5EC62284950600ACC42C /* View */,
				2CEE5EC5228494FC00ACC42C /* Model */,
			);
			path = "3. Connect";
			sourceTree = "<group>";
		};
		2CEE5EBF2284948200ACC42C /* 2. Explore */ = {
			isa = PBXGroup;
			children = (
				2C2841D0202D1B8C00F8EA00 /* Controller */,
				2CEE5EC8228495A600ACC42C /* View */,
				2CEE5EC9228495B300ACC42C /* Model */,
			);
			path = "2. Explore";
			sourceTree = "<group>";
		};
		2CEE5EC12284949800ACC42C /* 5. Profile */ = {
			isa = PBXGroup;
			children = (
				2C2841D2202D1BB500F8EA00 /* Controller */,
				2CEE5ECE2284968200ACC42C /* View */,
				2CEE5ECF2284968A00ACC42C /* Model */,
			);
			path = "5. Profile";
			sourceTree = "<group>";
		};
		2CEE5EC22284949D00ACC42C /* 5.1. Settings */ = {
			isa = PBXGroup;
			children = (
				2CEE5ED02284969300ACC42C /* Controller */,
				2CEE5ED5228498DE00ACC42C /* View */,
				2CEE5ED12284969A00ACC42C /* Model */,
			);
			path = "5.1. Settings";
			sourceTree = "<group>";
		};
		2CEE5EC3228494A200ACC42C /* 4. Event */ = {
			isa = PBXGroup;
			children = (
				2C2841D1202D1B9100F8EA00 /* Controller */,
				2CEE5ECC2284960900ACC42C /* View */,
			);
			path = "4. Event";
			sourceTree = "<group>";
		};
		2CEE5EC4228494D600ACC42C /* 5.2. Feedback */ = {
			isa = PBXGroup;
			children = (
				2CEE5ED2228496A300ACC42C /* Controller */,
				2CEE5ED3228496A900ACC42C /* Model */,
			);
			path = "5.2. Feedback";
			sourceTree = "<group>";
		};
		2CEE5EC5228494FC00ACC42C /* Model */ = {
			isa = PBXGroup;
			children = (
				2C0D477E228784D4002D9E38 /* Message.swift */,
			);
			path = Model;
			sourceTree = "<group>";
		};
		2CEE5EC62284950600ACC42C /* View */ = {
			isa = PBXGroup;
			children = (
				2C7F6F1520259622008AB0CD /* Badge.swift */,
				2CDD2858201AB27200AB1F32 /* ChatTableCell.swift */,
				2C6988FD202A89A700F6B4A8 /* ConnectEmptyState.swift */,
			);
			path = View;
			sourceTree = "<group>";
		};
		2CEE5EC72284951D00ACC42C /* AccessoryViews */ = {
			isa = PBXGroup;
			children = (
				2CEE5ED4228496E400ACC42C /* About-TO BE DELETED */,
				2C584C1C2018714500E17FD3 /* Header.swift */,
				2CEBB14A22601A8B00821896 /* PageSelector.swift */,
				2C198AAC204015F300CFC705 /* TabSelector.swift */,
			);
			path = AccessoryViews;
			sourceTree = "<group>";
		};
		2CEE5EC8228495A600ACC42C /* View */ = {
			isa = PBXGroup;
			children = (
				2C0ADB4A2042B3F700520F87 /* CommunityTableCell.swift */,
				2C0777432287C51000D246F0 /* CommunitySearchCell.swift */,
				2C6D4020228789B600FCF1F6 /* PartnerCommunityCollectionViewController.swift */,
				2C5A54EE2042BF2C006DB37A /* UserCommunityCollectionViewCell.swift */,
				2CF6CB27228503B30050A053 /* TrendingCommunityCollectionViewCell.swift */,
			);
			path = View;
			sourceTree = "<group>";
		};
		2CEE5EC9228495B300ACC42C /* Model */ = {
			isa = PBXGroup;
			children = (
			);
			path = Model;
			sourceTree = "<group>";
		};
		2CEE5ECA228495E000ACC42C /* Model */ = {
			isa = PBXGroup;
			children = (
				2C82C599202AF567004A2CBE /* ProfilingPage.swift */,
			);
			path = Model;
			sourceTree = "<group>";
		};
		2CEE5ECB228495EA00ACC42C /* View */ = {
			isa = PBXGroup;
			children = (
				2CC3C8F9203E608900D70190 /* BottomSheetView.swift */,
				2C82C59B202C4BC9004A2CBE /* ProfilingPageView.swift */,
			);
			path = View;
			sourceTree = "<group>";
		};
		2CEE5ECC2284960900ACC42C /* View */ = {
			isa = PBXGroup;
			children = (
				2CEBB14E22615B9A00821896 /* EventChallengeCollectionViewCell.swift */,
				2CEBB1582262B24900821896 /* EventScheduleCollectionViewCell.swift */,
				2CEBB15022616B9600821896 /* EventLocationCollectionViewCell.swift */,
				2CEBB154226244D700821896 /* LocationTableViewCell.swift */,
				2CEBB15A2262C21F00821896 /* ScheduleTalkTableViewCell.swift */,
				2CB6AFE7226481EC00E1702E /* ScheduleInfoTableViewCell.swift */,
			);
			path = View;
			sourceTree = "<group>";
		};
		2CEE5ECE2284968200ACC42C /* View */ = {
			isa = PBXGroup;
			children = (
				2CBE2EC2203525C2009E5268 /* GradientCell.swift */,
				2C79C8F42036148600FFCF70 /* InterestProfileTableCell.swift */,
				2C6924FB226DEB590007496A /* InterestProfileEmptyTableCell.swift */,
				2C0941DD226C7B6400A295C1 /* TextFieldTableCell.swift */,
				2CF6CB2B2285D1F10050A053 /* TextViewTableCell.swift */,
			);
			path = View;
			sourceTree = "<group>";
		};
		2CEE5ECF2284968A00ACC42C /* Model */ = {
			isa = PBXGroup;
			children = (
			);
			path = Model;
			sourceTree = "<group>";
		};
		2CEE5ED02284969300ACC42C /* Controller */ = {
			isa = PBXGroup;
			children = (
				2CCE520A20061CB300DFC9B1 /* SettingsViewController.swift */,
			);
			path = Controller;
			sourceTree = "<group>";
		};
		2CEE5ED12284969A00ACC42C /* Model */ = {
			isa = PBXGroup;
			children = (
				2CEE5F6D2006F3C100E86365 /* SettingsModel.swift */,
			);
			path = Model;
			sourceTree = "<group>";
		};
		2CEE5ED2228496A300ACC42C /* Controller */ = {
			isa = PBXGroup;
			children = (
				2C708BDB200C40A0006E5ABD /* FeedbackPageView.swift */,
				2CA3E0D120098276005617A9 /* FeedbackPagesViewController.swift */,
			);
			path = Controller;
			sourceTree = "<group>";
		};
		2CEE5ED3228496A900ACC42C /* Model */ = {
			isa = PBXGroup;
			children = (
				2C7B7E09200B726A007CCE7C /* FeedbackModel.swift */,
			);
			path = Model;
			sourceTree = "<group>";
		};
		2CEE5ED4228496E400ACC42C /* About-TO BE DELETED */ = {
			isa = PBXGroup;
			children = (
				2CC3EF67201577B900EBC7B2 /* AboutPage.swift */,
				2CC3EF69201577DD00EBC7B2 /* AboutPageView.swift */,
			);
			path = "About-TO BE DELETED";
			sourceTree = "<group>";
		};
		2CEE5ED5228498DE00ACC42C /* View */ = {
			isa = PBXGroup;
			children = (
				2CB6AFE52264122400E1702E /* SettingsTableViewCell.swift */,
			);
			path = View;
			sourceTree = "<group>";
		};
		2CEE5ED62284990F00ACC42C /* Controller */ = {
			isa = PBXGroup;
			children = (
				2C5A54FD204D138F006DB37A /* ReportAbuseController.swift */,
				2C5A54FF204D207C006DB37A /* ReportConfirmationView.swift */,
			);
			path = Controller;
			sourceTree = "<group>";
		};
		2CEE5ED72284999A00ACC42C /* 3.1. Chat */ = {
			isa = PBXGroup;
			children = (
				2CEE5ED8228499AE00ACC42C /* Controller */,
				2CEE5EDA228499B800ACC42C /* View */,
				2CEE5ED9228499B200ACC42C /* Model */,
			);
			path = "3.1. Chat";
			sourceTree = "<group>";
		};
		2CEE5ED8228499AE00ACC42C /* Controller */ = {
			isa = PBXGroup;
			children = (
				2C07774B228F5DB500D246F0 /* ChatLogViewController.swift */,
				2C7E9549202D8FCF0020B7A4 /* NewChatController.swift */,
			);
			path = Controller;
			sourceTree = "<group>";
		};
		2CEE5ED9228499B200ACC42C /* Model */ = {
			isa = PBXGroup;
			children = (
				2C07774D2290501B00D246F0 /* Message.swift */,
			);
			path = Model;
			sourceTree = "<group>";
		};
		2CEE5EDA228499B800ACC42C /* View */ = {
			isa = PBXGroup;
			children = (
				2C7F6F192025D902008AB0CD /* ChatAccessoryView.swift */,
				2C6988FB202A83C600F6B4A8 /* ChatEmptyState.swift */,
				2CDD28562019C77900AB1F32 /* ChatMessageCell.swift */,
			);
			path = View;
			sourceTree = "<group>";
		};
		2CEE5EDB228499FA00ACC42C /* 5.3. Interests */ = {
			isa = PBXGroup;
			children = (
				2CEE5EDD22849A7B00ACC42C /* Controller */,
				2CEE5EDE22849A8000ACC42C /* View */,
			);
			path = "5.3. Interests";
			sourceTree = "<group>";
		};
		2CEE5EDC22849A0100ACC42C /* 5.4. Basic information */ = {
			isa = PBXGroup;
			children = (
				2C0941DB226C772B00A295C1 /* BasicInfoViewController.swift */,
			);
			path = "5.4. Basic information";
			sourceTree = "<group>";
		};
		2CEE5EDD22849A7B00ACC42C /* Controller */ = {
			isa = PBXGroup;
			children = (
				2C79C8F820382A5A00FFCF70 /* InterestsViewController.swift */,
			);
			path = Controller;
			sourceTree = "<group>";
		};
		2CEE5EDE22849A8000ACC42C /* View */ = {
			isa = PBXGroup;
			children = (
				2C79C8FA20383AEB00FFCF70 /* InterestCell.swift */,
			);
			path = View;
			sourceTree = "<group>";
		};
		2CEE5EDF22849AAF00ACC42C /* 2.1. Search */ = {
			isa = PBXGroup;
			children = (
				2CEE5EE022849B7100ACC42C /* Controller */,
				2CC437CA22849D5600EFB442 /* View */,
			);
			path = "2.1. Search";
			sourceTree = "<group>";
		};
		2CEE5EE022849B7100ACC42C /* Controller */ = {
			isa = PBXGroup;
			children = (
				2C5A54FB204CC019006DB37A /* SearchTableViewController.swift */,
			);
			path = Controller;
			sourceTree = "<group>";
		};
		929EE9F4B9086E95F798A574 /* Pods */ = {
			isa = PBXGroup;
			children = (
				48FF4370CB871AA571BDAE75 /* Pods-anansi.debug.xcconfig */,
				89EAFA61B799BF29D85B7AE1 /* Pods-anansi.release.xcconfig */,
				884CBBCB6B116AAB63481FFD /* Pods-anansiTests.debug.xcconfig */,
				4BFD344C501825741D0C54FE /* Pods-anansiTests.release.xcconfig */,
				4C94E276950456ECF4F412FE /* Pods-anansiUITests.debug.xcconfig */,
				1C5C16022A37BE4973F0C034 /* Pods-anansiUITests.release.xcconfig */,
			);
			name = Pods;
			sourceTree = "<group>";
		};
		B434CDAC607721A40C4D7228 /* Frameworks */ = {
			isa = PBXGroup;
			children = (
				2C66D1BA200C946900146296 /* IQKeyboardManagerSwift.framework */,
				37FD1B723E6AE023E8F8018A /* Pods_anansi.framework */,
				E29D30928CE4C329A504D4F0 /* Pods_anansiTests.framework */,
				D18096C91B3B26560BA2F602 /* Pods_anansiUITests.framework */,
			);
			name = Frameworks;
			sourceTree = "<group>";
		};
/* End PBXGroup section */

/* Begin PBXNativeTarget section */
		2C70FBC320021793002E97E7 /* anansi */ = {
			isa = PBXNativeTarget;
			buildConfigurationList = 2C70FBEE20021794002E97E7 /* Build configuration list for PBXNativeTarget "anansi" */;
			buildPhases = (
				BC572EFEA3C6781C0F4A1FE0 /* [CP] Check Pods Manifest.lock */,
				2C70FBC020021793002E97E7 /* Sources */,
				2C70FBC120021793002E97E7 /* Frameworks */,
				2C70FBC220021793002E97E7 /* Resources */,
				912D9175C29F5525A3B88903 /* [CP] Embed Pods Frameworks */,
				2C077748228C37A600D246F0 /* ShellScript */,
			);
			buildRules = (
			);
			dependencies = (
			);
			name = anansi;
			productName = anansi;
			productReference = 2C70FBC420021793002E97E7 /* anansi.app */;
			productType = "com.apple.product-type.application";
		};
		2C70FBD920021794002E97E7 /* anansiTests */ = {
			isa = PBXNativeTarget;
			buildConfigurationList = 2C70FBF120021794002E97E7 /* Build configuration list for PBXNativeTarget "anansiTests" */;
			buildPhases = (
				1F01E07B78417AE78C5AEFEE /* [CP] Check Pods Manifest.lock */,
				2C70FBD620021794002E97E7 /* Sources */,
				2C70FBD720021794002E97E7 /* Frameworks */,
				2C70FBD820021794002E97E7 /* Resources */,
			);
			buildRules = (
			);
			dependencies = (
				2C70FBDC20021794002E97E7 /* PBXTargetDependency */,
			);
			name = anansiTests;
			productName = anansiTests;
			productReference = 2C70FBDA20021794002E97E7 /* anansiTests.xctest */;
			productType = "com.apple.product-type.bundle.unit-test";
		};
		2C70FBE420021794002E97E7 /* anansiUITests */ = {
			isa = PBXNativeTarget;
			buildConfigurationList = 2C70FBF420021794002E97E7 /* Build configuration list for PBXNativeTarget "anansiUITests" */;
			buildPhases = (
				0004EB8C0AA555802BEC3357 /* [CP] Check Pods Manifest.lock */,
				2C70FBE120021794002E97E7 /* Sources */,
				2C70FBE220021794002E97E7 /* Frameworks */,
				2C70FBE320021794002E97E7 /* Resources */,
			);
			buildRules = (
			);
			dependencies = (
				2C70FBE720021794002E97E7 /* PBXTargetDependency */,
			);
			name = anansiUITests;
			productName = anansiUITests;
			productReference = 2C70FBE520021794002E97E7 /* anansiUITests.xctest */;
			productType = "com.apple.product-type.bundle.ui-testing";
		};
/* End PBXNativeTarget section */

/* Begin PBXProject section */
		2C70FBBC20021793002E97E7 /* Project object */ = {
			isa = PBXProject;
			attributes = {
				LastSwiftUpdateCheck = 0920;
				LastUpgradeCheck = 1020;
				ORGANIZATIONNAME = "João Apura";
				TargetAttributes = {
					2C70FBC320021793002E97E7 = {
						CreatedOnToolsVersion = 9.2;
						LastSwiftMigration = 0920;
						ProvisioningStyle = Automatic;
						SystemCapabilities = {
							com.apple.Keychain = {
								enabled = 1;
							};
							com.apple.Push = {
								enabled = 1;
							};
						};
					};
					2C70FBD920021794002E97E7 = {
						CreatedOnToolsVersion = 9.2;
						ProvisioningStyle = Automatic;
						TestTargetID = 2C70FBC320021793002E97E7;
					};
					2C70FBE420021794002E97E7 = {
						CreatedOnToolsVersion = 9.2;
						ProvisioningStyle = Automatic;
						TestTargetID = 2C70FBC320021793002E97E7;
					};
				};
			};
			buildConfigurationList = 2C70FBBF20021793002E97E7 /* Build configuration list for PBXProject "anansi" */;
			compatibilityVersion = "Xcode 8.0";
			developmentRegion = en;
			hasScannedForEncodings = 0;
			knownRegions = (
				en,
				Base,
			);
			mainGroup = 2C70FBBB20021793002E97E7;
			productRefGroup = 2C70FBC520021793002E97E7 /* Products */;
			projectDirPath = "";
			projectRoot = "";
			targets = (
				2C70FBC320021793002E97E7 /* anansi */,
				2C70FBD920021794002E97E7 /* anansiTests */,
				2C70FBE420021794002E97E7 /* anansiUITests */,
			);
		};
/* End PBXProject section */

/* Begin PBXResourcesBuildPhase section */
		2C70FBC220021793002E97E7 /* Resources */ = {
			isa = PBXResourcesBuildPhase;
			buildActionMask = 2147483647;
			files = (
				2CC3EF642015752000EBC7B2 /* settings.json in Resources */,
				2C07774222878E6600D246F0 /* GoogleService-Info.plist in Resources */,
				2C19D02D227BA6FA00275B99 /* Assets.xcassets in Resources */,
				2C7DE7F1201740D700EEB1F4 /* LaunchScreen.storyboard in Resources */,
			);
			runOnlyForDeploymentPostprocessing = 0;
		};
		2C70FBD820021794002E97E7 /* Resources */ = {
			isa = PBXResourcesBuildPhase;
			buildActionMask = 2147483647;
			files = (
			);
			runOnlyForDeploymentPostprocessing = 0;
		};
		2C70FBE320021794002E97E7 /* Resources */ = {
			isa = PBXResourcesBuildPhase;
			buildActionMask = 2147483647;
			files = (
			);
			runOnlyForDeploymentPostprocessing = 0;
		};
/* End PBXResourcesBuildPhase section */

/* Begin PBXShellScriptBuildPhase section */
		0004EB8C0AA555802BEC3357 /* [CP] Check Pods Manifest.lock */ = {
			isa = PBXShellScriptBuildPhase;
			buildActionMask = 2147483647;
			files = (
			);
			inputPaths = (
				"${PODS_PODFILE_DIR_PATH}/Podfile.lock",
				"${PODS_ROOT}/Manifest.lock",
			);
			name = "[CP] Check Pods Manifest.lock";
			outputPaths = (
				"$(DERIVED_FILE_DIR)/Pods-anansiUITests-checkManifestLockResult.txt",
			);
			runOnlyForDeploymentPostprocessing = 0;
			shellPath = /bin/sh;
			shellScript = "diff \"${PODS_PODFILE_DIR_PATH}/Podfile.lock\" \"${PODS_ROOT}/Manifest.lock\" > /dev/null\nif [ $? != 0 ] ; then\n    # print error to STDERR\n    echo \"error: The sandbox is not in sync with the Podfile.lock. Run 'pod install' or update your CocoaPods installation.\" >&2\n    exit 1\nfi\n# This output is used by Xcode 'outputs' to avoid re-running this script phase.\necho \"SUCCESS\" > \"${SCRIPT_OUTPUT_FILE_0}\"\n";
			showEnvVarsInLog = 0;
		};
		1F01E07B78417AE78C5AEFEE /* [CP] Check Pods Manifest.lock */ = {
			isa = PBXShellScriptBuildPhase;
			buildActionMask = 2147483647;
			files = (
			);
			inputPaths = (
				"${PODS_PODFILE_DIR_PATH}/Podfile.lock",
				"${PODS_ROOT}/Manifest.lock",
			);
			name = "[CP] Check Pods Manifest.lock";
			outputPaths = (
				"$(DERIVED_FILE_DIR)/Pods-anansiTests-checkManifestLockResult.txt",
			);
			runOnlyForDeploymentPostprocessing = 0;
			shellPath = /bin/sh;
			shellScript = "diff \"${PODS_PODFILE_DIR_PATH}/Podfile.lock\" \"${PODS_ROOT}/Manifest.lock\" > /dev/null\nif [ $? != 0 ] ; then\n    # print error to STDERR\n    echo \"error: The sandbox is not in sync with the Podfile.lock. Run 'pod install' or update your CocoaPods installation.\" >&2\n    exit 1\nfi\n# This output is used by Xcode 'outputs' to avoid re-running this script phase.\necho \"SUCCESS\" > \"${SCRIPT_OUTPUT_FILE_0}\"\n";
			showEnvVarsInLog = 0;
		};
		2C077748228C37A600D246F0 /* ShellScript */ = {
			isa = PBXShellScriptBuildPhase;
			buildActionMask = 2147483647;
			files = (
			);
			inputFileListPaths = (
			);
			inputPaths = (
				"$(BUILT_PRODUCTS_DIR)/$(INFOPLIST_PATH)",
			);
			outputFileListPaths = (
			);
			outputPaths = (
			);
			runOnlyForDeploymentPostprocessing = 0;
			shellPath = /bin/sh;
			shellScript = "# Script that initializes Crashlytics\n\"${PODS_ROOT}/Fabric/run\"\n";
		};
		912D9175C29F5525A3B88903 /* [CP] Embed Pods Frameworks */ = {
			isa = PBXShellScriptBuildPhase;
			buildActionMask = 2147483647;
			files = (
			);
			inputPaths = (
				"${PODS_ROOT}/Target Support Files/Pods-anansi/Pods-anansi-frameworks.sh",
				"${BUILT_PRODUCTS_DIR}/GTMSessionFetcher/GTMSessionFetcher.framework",
				"${BUILT_PRODUCTS_DIR}/GoogleUtilities/GoogleUtilities.framework",
				"${BUILT_PRODUCTS_DIR}/Kingfisher/Kingfisher.framework",
				"${BUILT_PRODUCTS_DIR}/Protobuf/Protobuf.framework",
				"${BUILT_PRODUCTS_DIR}/ReachabilitySwift/ReachabilitySwift.framework",
				"${BUILT_PRODUCTS_DIR}/leveldb-library/leveldb.framework",
				"${BUILT_PRODUCTS_DIR}/nanopb/nanopb.framework",
			);
			name = "[CP] Embed Pods Frameworks";
			outputPaths = (
				"${TARGET_BUILD_DIR}/${FRAMEWORKS_FOLDER_PATH}/GTMSessionFetcher.framework",
				"${TARGET_BUILD_DIR}/${FRAMEWORKS_FOLDER_PATH}/GoogleUtilities.framework",
				"${TARGET_BUILD_DIR}/${FRAMEWORKS_FOLDER_PATH}/Kingfisher.framework",
				"${TARGET_BUILD_DIR}/${FRAMEWORKS_FOLDER_PATH}/Protobuf.framework",
				"${TARGET_BUILD_DIR}/${FRAMEWORKS_FOLDER_PATH}/ReachabilitySwift.framework",
				"${TARGET_BUILD_DIR}/${FRAMEWORKS_FOLDER_PATH}/leveldb.framework",
				"${TARGET_BUILD_DIR}/${FRAMEWORKS_FOLDER_PATH}/nanopb.framework",
			);
			runOnlyForDeploymentPostprocessing = 0;
			shellPath = /bin/sh;
			shellScript = "\"${PODS_ROOT}/Target Support Files/Pods-anansi/Pods-anansi-frameworks.sh\"\n";
			showEnvVarsInLog = 0;
		};
		BC572EFEA3C6781C0F4A1FE0 /* [CP] Check Pods Manifest.lock */ = {
			isa = PBXShellScriptBuildPhase;
			buildActionMask = 2147483647;
			files = (
			);
			inputPaths = (
				"${PODS_PODFILE_DIR_PATH}/Podfile.lock",
				"${PODS_ROOT}/Manifest.lock",
			);
			name = "[CP] Check Pods Manifest.lock";
			outputPaths = (
				"$(DERIVED_FILE_DIR)/Pods-anansi-checkManifestLockResult.txt",
			);
			runOnlyForDeploymentPostprocessing = 0;
			shellPath = /bin/sh;
			shellScript = "diff \"${PODS_PODFILE_DIR_PATH}/Podfile.lock\" \"${PODS_ROOT}/Manifest.lock\" > /dev/null\nif [ $? != 0 ] ; then\n    # print error to STDERR\n    echo \"error: The sandbox is not in sync with the Podfile.lock. Run 'pod install' or update your CocoaPods installation.\" >&2\n    exit 1\nfi\n# This output is used by Xcode 'outputs' to avoid re-running this script phase.\necho \"SUCCESS\" > \"${SCRIPT_OUTPUT_FILE_0}\"\n";
			showEnvVarsInLog = 0;
		};
/* End PBXShellScriptBuildPhase section */

/* Begin PBXSourcesBuildPhase section */
		2C70FBC020021793002E97E7 /* Sources */ = {
			isa = PBXSourcesBuildPhase;
			buildActionMask = 2147483647;
			files = (
				2C698904202ADDFE00F6B4A8 /* ProfilingController.swift in Sources */,
				2C7E954A202D8FCF0020B7A4 /* NewChatController.swift in Sources */,
				2C7F6F12202595E9008AB0CD /* UIImageView+.swift in Sources */,
				2C82C59C202C4BCA004A2CBE /* ProfilingPageView.swift in Sources */,
				2CEE5F6E2006F3C100E86365 /* SettingsModel.swift in Sources */,
				2CF6CB2C2285D1F10050A053 /* TextViewTableCell.swift in Sources */,
				2C0941DE226C7B6400A295C1 /* TextFieldTableCell.swift in Sources */,
				2CEBB14922601A3400821896 /* EventViewController.swift in Sources */,
				2CB6AFE8226481EC00E1702E /* ScheduleInfoTableViewCell.swift in Sources */,
				2C6988FC202A83C600F6B4A8 /* ChatEmptyState.swift in Sources */,
				2C5A54F62043593A006DB37A /* PartnerPageViewController.swift in Sources */,
				2C6924FC226DEB590007496A /* InterestProfileEmptyTableCell.swift in Sources */,
				2C7F6F0E202595C1008AB0CD /* UserDefaults+.swift in Sources */,
				2C7F6F02202594AC008AB0CD /* UICollectionView+.swift in Sources */,
				2CC3EF6A201577DD00EBC7B2 /* AboutPageView.swift in Sources */,
				2C0777442287C51000D246F0 /* CommunitySearchCell.swift in Sources */,
				2CBE2EC3203525C2009E5268 /* GradientCell.swift in Sources */,
				2C5A54FA204BAA26006DB37A /* SpeakerCardDetailedController.swift in Sources */,
				2CF6CB28228503B30050A053 /* TrendingCommunityCollectionViewCell.swift in Sources */,
				2CEBB15B2262C21F00821896 /* ScheduleTalkTableViewCell.swift in Sources */,
				2CDF6B072042422200CC3B92 /* CommunityViewController.swift in Sources */,
				2C7B7E0A200B726A007CCE7C /* FeedbackModel.swift in Sources */,
				2C7DE7DC2016D7AF00EEB1F4 /* ConnectViewController.swift in Sources */,
				2C5A54FC204CC019006DB37A /* SearchTableViewController.swift in Sources */,
				2CDD28572019C77900AB1F32 /* ChatMessageCell.swift in Sources */,
				2C19D028227B628B00275B99 /* PushNotificationManager.swift in Sources */,
				2C7F6F182025967C008AB0CD /* CustomButtons.swift in Sources */,
				2CEE5F7A2007619300E86365 /* NetworkManager.swift in Sources */,
				2CBE2EC120351967009E5268 /* UIView+.swift in Sources */,
				2C79C8F920382A5B00FFCF70 /* InterestsViewController.swift in Sources */,
				2C6D401B2287894F00FCF1F6 /* UserTableCell.swift in Sources */,
				2C7F6F1420259604008AB0CD /* UIFont+.swift in Sources */,
				2C42950120269C1900724385 /* UIViewController+.swift in Sources */,
				2C07774C228F5DB600D246F0 /* ChatLogViewController.swift in Sources */,
				2C5A5500204D207C006DB37A /* ReportConfirmationView.swift in Sources */,
				2C87DACF200CA072004F8730 /* Classes.swift in Sources */,
				2C7F6F1A2025D902008AB0CD /* ChatAccessoryView.swift in Sources */,
				2C698900202ADDEA00F6B4A8 /* LandingController.swift in Sources */,
				2C171CED226AA81F00E05064 /* PageControl.swift in Sources */,
				2C698902202ADDF200F6B4A8 /* SignUpController.swift in Sources */,
				2C6988FE202A89A700F6B4A8 /* ConnectEmptyState.swift in Sources */,
				2C79C8F72036293900FFCF70 /* UICollectionViewAlignedLayout.swift in Sources */,
				2C6D401F2287896500FCF1F6 /* UserPageViewController.swift in Sources */,
				2C70FBC820021793002E97E7 /* AppDelegate.swift in Sources */,
				2C5A54FE204D138F006DB37A /* ReportAbuseController.swift in Sources */,
				2CD55AD62033EFA100299926 /* ProfileViewController.swift in Sources */,
				2C79C8FB20383AEB00FFCF70 /* InterestCell.swift in Sources */,
				2CC3EF68201577B900EBC7B2 /* AboutPage.swift in Sources */,
				2CC3C8FA203E608900D70190 /* BottomSheetView.swift in Sources */,
				2C7F6F0C2025959F008AB0CD /* UILabel+.swift in Sources */,
				2C584C1D2018714500E17FD3 /* Header.swift in Sources */,
				2C7B601620044F4D00FF5488 /* TabBarController.swift in Sources */,
				2C6924FA226DE1A30007496A /* InterestsUserTableCell.swift in Sources */,
				2C198AAD204015F300CFC705 /* TabSelector.swift in Sources */,
				2C0D477F228784D4002D9E38 /* Message.swift in Sources */,
				2C5A54EF2042BF2C006DB37A /* UserCommunityCollectionViewCell.swift in Sources */,
				2CDD2859201AB27300AB1F32 /* ChatTableCell.swift in Sources */,
				2CEBB14F22615B9A00821896 /* EventChallengeCollectionViewCell.swift in Sources */,
				2C2841C6202D137100F8EA00 /* SearchEmptyState.swift in Sources */,
				2C18A7812011A36700C03B20 /* Reachability.swift in Sources */,
				2C0ADB4B2042B3F700520F87 /* CommunityTableCell.swift in Sources */,
				2C6D401D2287895900FCF1F6 /* Partner.swift in Sources */,
				2C7F6F0820259522008AB0CD /* Bundle+.swift in Sources */,
				2C698906202AEFC500F6B4A8 /* Display.swift in Sources */,
				2C6D4021228789B700FCF1F6 /* PartnerCommunityCollectionViewController.swift in Sources */,
				2C0941DC226C772B00A295C1 /* BasicInfoViewController.swift in Sources */,
				2C79C8F52036148600FFCF70 /* InterestProfileTableCell.swift in Sources */,
				2C0AD0212267DF93007B96EA /* DescriptionTableViewCell.swift in Sources */,
				2CEBB15122616B9600821896 /* EventLocationCollectionViewCell.swift in Sources */,
				2CCE51FD20060E4A00DFC9B1 /* Constants.swift in Sources */,
				2C82C59A202AF567004A2CBE /* ProfilingPage.swift in Sources */,
				2CCE520B20061CB300DFC9B1 /* SettingsViewController.swift in Sources */,
				2C7F6F04202594B6008AB0CD /* UIColor+.swift in Sources */,
				2C6D401A2287894F00FCF1F6 /* EmployeeTableCell.swift in Sources */,
				2CA3E0D220098276005617A9 /* FeedbackPagesViewController.swift in Sources */,
				2C0AD01F2267D2FA007B96EA /* ContactInfoTableViewCell.swift in Sources */,
				2C708BDC200C40A0006E5ABD /* FeedbackPageView.swift in Sources */,
				2CEBB155226244D700821896 /* LocationTableViewCell.swift in Sources */,
				2CB6AFE62264122400E1702E /* SettingsTableViewCell.swift in Sources */,
				2CEBB15722627F9800821896 /* CLLocation+.swift in Sources */,
				2C0D47732287393C002D9E38 /* SearchTableCell.swift in Sources */,
				2CEBB14B22601A8B00821896 /* PageSelector.swift in Sources */,
				2C7F6F06202594F4008AB0CD /* UITextView+.swift in Sources */,
				2C7F6F1620259622008AB0CD /* Badge.swift in Sources */,
				2C1668DE2012B0BD007C9B38 /* User.swift in Sources */,
				2CEBB1592262B24900821896 /* EventScheduleCollectionViewCell.swift in Sources */,
			);
			runOnlyForDeploymentPostprocessing = 0;
		};
		2C70FBD620021794002E97E7 /* Sources */ = {
			isa = PBXSourcesBuildPhase;
			buildActionMask = 2147483647;
			files = (
			);
			runOnlyForDeploymentPostprocessing = 0;
		};
		2C70FBE120021794002E97E7 /* Sources */ = {
			isa = PBXSourcesBuildPhase;
			buildActionMask = 2147483647;
			files = (
			);
			runOnlyForDeploymentPostprocessing = 0;
		};
/* End PBXSourcesBuildPhase section */

/* Begin PBXTargetDependency section */
		2C70FBDC20021794002E97E7 /* PBXTargetDependency */ = {
			isa = PBXTargetDependency;
			target = 2C70FBC320021793002E97E7 /* anansi */;
			targetProxy = 2C70FBDB20021794002E97E7 /* PBXContainerItemProxy */;
		};
		2C70FBE720021794002E97E7 /* PBXTargetDependency */ = {
			isa = PBXTargetDependency;
			target = 2C70FBC320021793002E97E7 /* anansi */;
			targetProxy = 2C70FBE620021794002E97E7 /* PBXContainerItemProxy */;
		};
/* End PBXTargetDependency section */

/* Begin XCBuildConfiguration section */
		2C70FBEC20021794002E97E7 /* Debug */ = {
			isa = XCBuildConfiguration;
			buildSettings = {
				ALWAYS_SEARCH_USER_PATHS = NO;
				CLANG_ANALYZER_NONNULL = YES;
				CLANG_ANALYZER_NUMBER_OBJECT_CONVERSION = YES_AGGRESSIVE;
				CLANG_CXX_LANGUAGE_STANDARD = "gnu++14";
				CLANG_CXX_LIBRARY = "libc++";
				CLANG_ENABLE_MODULES = YES;
				CLANG_ENABLE_OBJC_ARC = YES;
				CLANG_WARN_BLOCK_CAPTURE_AUTORELEASING = YES;
				CLANG_WARN_BOOL_CONVERSION = YES;
				CLANG_WARN_COMMA = YES;
				CLANG_WARN_CONSTANT_CONVERSION = YES;
				CLANG_WARN_DEPRECATED_OBJC_IMPLEMENTATIONS = YES;
				CLANG_WARN_DIRECT_OBJC_ISA_USAGE = YES_ERROR;
				CLANG_WARN_DOCUMENTATION_COMMENTS = YES;
				CLANG_WARN_EMPTY_BODY = YES;
				CLANG_WARN_ENUM_CONVERSION = YES;
				CLANG_WARN_INFINITE_RECURSION = YES;
				CLANG_WARN_INT_CONVERSION = YES;
				CLANG_WARN_NON_LITERAL_NULL_CONVERSION = YES;
				CLANG_WARN_OBJC_IMPLICIT_RETAIN_SELF = YES;
				CLANG_WARN_OBJC_LITERAL_CONVERSION = YES;
				CLANG_WARN_OBJC_ROOT_CLASS = YES_ERROR;
				CLANG_WARN_RANGE_LOOP_ANALYSIS = YES;
				CLANG_WARN_STRICT_PROTOTYPES = YES;
				CLANG_WARN_SUSPICIOUS_MOVE = YES;
				CLANG_WARN_UNGUARDED_AVAILABILITY = YES_AGGRESSIVE;
				CLANG_WARN_UNREACHABLE_CODE = YES;
				CLANG_WARN__DUPLICATE_METHOD_MATCH = YES;
				CODE_SIGN_IDENTITY = "iPhone Developer";
				COPY_PHASE_STRIP = NO;
				DEBUG_INFORMATION_FORMAT = dwarf;
				ENABLE_STRICT_OBJC_MSGSEND = YES;
				ENABLE_TESTABILITY = YES;
				GCC_C_LANGUAGE_STANDARD = gnu11;
				GCC_DYNAMIC_NO_PIC = NO;
				GCC_NO_COMMON_BLOCKS = YES;
				GCC_OPTIMIZATION_LEVEL = 0;
				GCC_PREPROCESSOR_DEFINITIONS = (
					"DEBUG=1",
					"$(inherited)",
				);
				GCC_WARN_64_TO_32_BIT_CONVERSION = YES;
				GCC_WARN_ABOUT_RETURN_TYPE = YES_ERROR;
				GCC_WARN_UNDECLARED_SELECTOR = YES;
				GCC_WARN_UNINITIALIZED_AUTOS = YES_AGGRESSIVE;
				GCC_WARN_UNUSED_FUNCTION = YES;
				GCC_WARN_UNUSED_VARIABLE = YES;
				IPHONEOS_DEPLOYMENT_TARGET = 11.2;
				MTL_ENABLE_DEBUG_INFO = YES;
				ONLY_ACTIVE_ARCH = YES;
				SDKROOT = iphoneos;
				SWIFT_ACTIVE_COMPILATION_CONDITIONS = DEBUG;
				SWIFT_OPTIMIZATION_LEVEL = "-Onone";
			};
			name = Debug;
		};
		2C70FBED20021794002E97E7 /* Release */ = {
			isa = XCBuildConfiguration;
			buildSettings = {
				ALWAYS_SEARCH_USER_PATHS = NO;
				CLANG_ANALYZER_NONNULL = YES;
				CLANG_ANALYZER_NUMBER_OBJECT_CONVERSION = YES_AGGRESSIVE;
				CLANG_CXX_LANGUAGE_STANDARD = "gnu++14";
				CLANG_CXX_LIBRARY = "libc++";
				CLANG_ENABLE_MODULES = YES;
				CLANG_ENABLE_OBJC_ARC = YES;
				CLANG_WARN_BLOCK_CAPTURE_AUTORELEASING = YES;
				CLANG_WARN_BOOL_CONVERSION = YES;
				CLANG_WARN_COMMA = YES;
				CLANG_WARN_CONSTANT_CONVERSION = YES;
				CLANG_WARN_DEPRECATED_OBJC_IMPLEMENTATIONS = YES;
				CLANG_WARN_DIRECT_OBJC_ISA_USAGE = YES_ERROR;
				CLANG_WARN_DOCUMENTATION_COMMENTS = YES;
				CLANG_WARN_EMPTY_BODY = YES;
				CLANG_WARN_ENUM_CONVERSION = YES;
				CLANG_WARN_INFINITE_RECURSION = YES;
				CLANG_WARN_INT_CONVERSION = YES;
				CLANG_WARN_NON_LITERAL_NULL_CONVERSION = YES;
				CLANG_WARN_OBJC_IMPLICIT_RETAIN_SELF = YES;
				CLANG_WARN_OBJC_LITERAL_CONVERSION = YES;
				CLANG_WARN_OBJC_ROOT_CLASS = YES_ERROR;
				CLANG_WARN_RANGE_LOOP_ANALYSIS = YES;
				CLANG_WARN_STRICT_PROTOTYPES = YES;
				CLANG_WARN_SUSPICIOUS_MOVE = YES;
				CLANG_WARN_UNGUARDED_AVAILABILITY = YES_AGGRESSIVE;
				CLANG_WARN_UNREACHABLE_CODE = YES;
				CLANG_WARN__DUPLICATE_METHOD_MATCH = YES;
				CODE_SIGN_IDENTITY = "iPhone Developer";
				COPY_PHASE_STRIP = NO;
				DEBUG_INFORMATION_FORMAT = "dwarf-with-dsym";
				ENABLE_NS_ASSERTIONS = NO;
				ENABLE_STRICT_OBJC_MSGSEND = YES;
				GCC_C_LANGUAGE_STANDARD = gnu11;
				GCC_NO_COMMON_BLOCKS = YES;
				GCC_WARN_64_TO_32_BIT_CONVERSION = YES;
				GCC_WARN_ABOUT_RETURN_TYPE = YES_ERROR;
				GCC_WARN_UNDECLARED_SELECTOR = YES;
				GCC_WARN_UNINITIALIZED_AUTOS = YES_AGGRESSIVE;
				GCC_WARN_UNUSED_FUNCTION = YES;
				GCC_WARN_UNUSED_VARIABLE = YES;
				IPHONEOS_DEPLOYMENT_TARGET = 11.2;
				MTL_ENABLE_DEBUG_INFO = NO;
				SDKROOT = iphoneos;
				SWIFT_OPTIMIZATION_LEVEL = "-Owholemodule";
				VALIDATE_PRODUCT = YES;
			};
			name = Release;
		};
		2C70FBEF20021794002E97E7 /* Debug */ = {
			isa = XCBuildConfiguration;
			baseConfigurationReference = 48FF4370CB871AA571BDAE75 /* Pods-anansi.debug.xcconfig */;
			buildSettings = {
				ASSETCATALOG_COMPILER_APPICON_NAME = AppIcon;
				CLANG_ENABLE_MODULES = YES;
				CODE_SIGN_ENTITLEMENTS = anansi/SupportFiles/anansi.entitlements;
				CODE_SIGN_STYLE = Automatic;
				DEBUG_INFORMATION_FORMAT = dwarf;
				DEVELOPMENT_TEAM = BHE99ZFAUF;
				INFOPLIST_FILE = anansi/SupportFiles/Info.plist;
				IPHONEOS_DEPLOYMENT_TARGET = 11.2;
				LD_RUNPATH_SEARCH_PATHS = "$(inherited) @executable_path/Frameworks";
				PRODUCT_BUNDLE_IDENTIFIER = com.JNGApura.anansi;
				PRODUCT_NAME = "$(TARGET_NAME)";
				SWIFT_OPTIMIZATION_LEVEL = "-Onone";
				SWIFT_VERSION = 4.2;
				TARGETED_DEVICE_FAMILY = 1;
			};
			name = Debug;
		};
		2C70FBF020021794002E97E7 /* Release */ = {
			isa = XCBuildConfiguration;
			baseConfigurationReference = 89EAFA61B799BF29D85B7AE1 /* Pods-anansi.release.xcconfig */;
			buildSettings = {
				ASSETCATALOG_COMPILER_APPICON_NAME = AppIcon;
				CLANG_ENABLE_MODULES = YES;
				CODE_SIGN_ENTITLEMENTS = anansi/SupportFiles/anansi.entitlements;
				CODE_SIGN_STYLE = Automatic;
				DEVELOPMENT_TEAM = BHE99ZFAUF;
				INFOPLIST_FILE = anansi/SupportFiles/Info.plist;
				IPHONEOS_DEPLOYMENT_TARGET = 11.2;
				LD_RUNPATH_SEARCH_PATHS = "$(inherited) @executable_path/Frameworks";
				PRODUCT_BUNDLE_IDENTIFIER = com.JNGApura.anansi;
				PRODUCT_NAME = "$(TARGET_NAME)";
				SWIFT_VERSION = 4.2;
				TARGETED_DEVICE_FAMILY = 1;
			};
			name = Release;
		};
		2C70FBF220021794002E97E7 /* Debug */ = {
			isa = XCBuildConfiguration;
			baseConfigurationReference = 884CBBCB6B116AAB63481FFD /* Pods-anansiTests.debug.xcconfig */;
			buildSettings = {
				ALWAYS_EMBED_SWIFT_STANDARD_LIBRARIES = YES;
				BUNDLE_LOADER = "$(TEST_HOST)";
				CODE_SIGN_STYLE = Automatic;
				INFOPLIST_FILE = anansiTests/Info.plist;
				LD_RUNPATH_SEARCH_PATHS = "$(inherited) @executable_path/Frameworks @loader_path/Frameworks";
				PRODUCT_BUNDLE_IDENTIFIER = com.JNGApura.anansiTests;
				PRODUCT_NAME = "$(TARGET_NAME)";
				SWIFT_VERSION = 4.0;
				TARGETED_DEVICE_FAMILY = "1,2";
				TEST_HOST = "$(BUILT_PRODUCTS_DIR)/anansi.app/anansi";
			};
			name = Debug;
		};
		2C70FBF320021794002E97E7 /* Release */ = {
			isa = XCBuildConfiguration;
			baseConfigurationReference = 4BFD344C501825741D0C54FE /* Pods-anansiTests.release.xcconfig */;
			buildSettings = {
				ALWAYS_EMBED_SWIFT_STANDARD_LIBRARIES = YES;
				BUNDLE_LOADER = "$(TEST_HOST)";
				CODE_SIGN_STYLE = Automatic;
				INFOPLIST_FILE = anansiTests/Info.plist;
				LD_RUNPATH_SEARCH_PATHS = "$(inherited) @executable_path/Frameworks @loader_path/Frameworks";
				PRODUCT_BUNDLE_IDENTIFIER = com.JNGApura.anansiTests;
				PRODUCT_NAME = "$(TARGET_NAME)";
				SWIFT_VERSION = 4.0;
				TARGETED_DEVICE_FAMILY = "1,2";
				TEST_HOST = "$(BUILT_PRODUCTS_DIR)/anansi.app/anansi";
			};
			name = Release;
		};
		2C70FBF520021794002E97E7 /* Debug */ = {
			isa = XCBuildConfiguration;
			baseConfigurationReference = 4C94E276950456ECF4F412FE /* Pods-anansiUITests.debug.xcconfig */;
			buildSettings = {
				ALWAYS_EMBED_SWIFT_STANDARD_LIBRARIES = YES;
				CODE_SIGN_STYLE = Automatic;
				INFOPLIST_FILE = anansiUITests/Info.plist;
				LD_RUNPATH_SEARCH_PATHS = "$(inherited) @executable_path/Frameworks @loader_path/Frameworks";
				PRODUCT_BUNDLE_IDENTIFIER = com.JNGApura.anansiUITests;
				PRODUCT_NAME = "$(TARGET_NAME)";
				SWIFT_VERSION = 4.0;
				TARGETED_DEVICE_FAMILY = "1,2";
				TEST_TARGET_NAME = anansi;
			};
			name = Debug;
		};
		2C70FBF620021794002E97E7 /* Release */ = {
			isa = XCBuildConfiguration;
			baseConfigurationReference = 1C5C16022A37BE4973F0C034 /* Pods-anansiUITests.release.xcconfig */;
			buildSettings = {
				ALWAYS_EMBED_SWIFT_STANDARD_LIBRARIES = YES;
				CODE_SIGN_STYLE = Automatic;
				INFOPLIST_FILE = anansiUITests/Info.plist;
				LD_RUNPATH_SEARCH_PATHS = "$(inherited) @executable_path/Frameworks @loader_path/Frameworks";
				PRODUCT_BUNDLE_IDENTIFIER = com.JNGApura.anansiUITests;
				PRODUCT_NAME = "$(TARGET_NAME)";
				SWIFT_VERSION = 4.0;
				TARGETED_DEVICE_FAMILY = "1,2";
				TEST_TARGET_NAME = anansi;
			};
			name = Release;
		};
/* End XCBuildConfiguration section */

/* Begin XCConfigurationList section */
		2C70FBBF20021793002E97E7 /* Build configuration list for PBXProject "anansi" */ = {
			isa = XCConfigurationList;
			buildConfigurations = (
				2C70FBEC20021794002E97E7 /* Debug */,
				2C70FBED20021794002E97E7 /* Release */,
			);
			defaultConfigurationIsVisible = 0;
			defaultConfigurationName = Release;
		};
		2C70FBEE20021794002E97E7 /* Build configuration list for PBXNativeTarget "anansi" */ = {
			isa = XCConfigurationList;
			buildConfigurations = (
				2C70FBEF20021794002E97E7 /* Debug */,
				2C70FBF020021794002E97E7 /* Release */,
			);
			defaultConfigurationIsVisible = 0;
			defaultConfigurationName = Release;
		};
		2C70FBF120021794002E97E7 /* Build configuration list for PBXNativeTarget "anansiTests" */ = {
			isa = XCConfigurationList;
			buildConfigurations = (
				2C70FBF220021794002E97E7 /* Debug */,
				2C70FBF320021794002E97E7 /* Release */,
			);
			defaultConfigurationIsVisible = 0;
			defaultConfigurationName = Release;
		};
		2C70FBF420021794002E97E7 /* Build configuration list for PBXNativeTarget "anansiUITests" */ = {
			isa = XCConfigurationList;
			buildConfigurations = (
				2C70FBF520021794002E97E7 /* Debug */,
				2C70FBF620021794002E97E7 /* Release */,
			);
			defaultConfigurationIsVisible = 0;
			defaultConfigurationName = Release;
		};
/* End XCConfigurationList section */
	};
	rootObject = 2C70FBBC20021793002E97E7 /* Project object */;
}
