// !$*UTF8*$!
{
	archiveVersion = 1;
	classes = {
	};
	objectVersion = 48;
	objects = {

/* Begin PBXBuildFile section */
		2C70FBC820021793002E97E7 /* AppDelegate.swift in Sources */ = {isa = PBXBuildFile; fileRef = 2C70FBC720021793002E97E7 /* AppDelegate.swift */; };
		2C70FBD120021793002E97E7 /* Assets.xcassets in Resources */ = {isa = PBXBuildFile; fileRef = 2C70FBD020021793002E97E7 /* Assets.xcassets */; };
		2C70FBD420021793002E97E7 /* LaunchScreen.storyboard in Resources */ = {isa = PBXBuildFile; fileRef = 2C70FBD220021793002E97E7 /* LaunchScreen.storyboard */; };
		2C70FBDF20021794002E97E7 /* anansiTests.swift in Sources */ = {isa = PBXBuildFile; fileRef = 2C70FBDE20021794002E97E7 /* anansiTests.swift */; };
		2C70FBEA20021794002E97E7 /* anansiUITests.swift in Sources */ = {isa = PBXBuildFile; fileRef = 2C70FBE920021794002E97E7 /* anansiUITests.swift */; };
		2C7B601220044CFA00FF5488 /* Extensions.swift in Sources */ = {isa = PBXBuildFile; fileRef = 2C7B601120044CFA00FF5488 /* Extensions.swift */; };
		2C7B601620044F4D00FF5488 /* TabBarController.swift in Sources */ = {isa = PBXBuildFile; fileRef = 2C7B601520044F4D00FF5488 /* TabBarController.swift */; };
		2C7B60182004665500FF5488 /* ProfileViewController.swift in Sources */ = {isa = PBXBuildFile; fileRef = 2C7B60172004665500FF5488 /* ProfileViewController.swift */; };
		2C7B601A2004666100FF5488 /* EventViewController.swift in Sources */ = {isa = PBXBuildFile; fileRef = 2C7B60192004666100FF5488 /* EventViewController.swift */; };
		2C7B601C2004666A00FF5488 /* ExploreViewController.swift in Sources */ = {isa = PBXBuildFile; fileRef = 2C7B601B2004666A00FF5488 /* ExploreViewController.swift */; };
		2C7B601E2004675C00FF5488 /* SettingsViewController.swift in Sources */ = {isa = PBXBuildFile; fileRef = 2C7B601D2004675C00FF5488 /* SettingsViewController.swift */; };
		2CCE51FD20060E4A00DFC9B1 /* Constants.swift in Sources */ = {isa = PBXBuildFile; fileRef = 2CCE51FC20060E4A00DFC9B1 /* Constants.swift */; };
/* End PBXBuildFile section */

/* Begin PBXContainerItemProxy section */
		2C70FBDB20021794002E97E7 /* PBXContainerItemProxy */ = {
			isa = PBXContainerItemProxy;
			containerPortal = 2C70FBBC20021793002E97E7 /* Project object */;
			proxyType = 1;
			remoteGlobalIDString = 2C70FBC320021793002E97E7;
			remoteInfo = anansi;
		};
		2C70FBE620021794002E97E7 /* PBXContainerItemProxy */ = {
			isa = PBXContainerItemProxy;
			containerPortal = 2C70FBBC20021793002E97E7 /* Project object */;
			proxyType = 1;
			remoteGlobalIDString = 2C70FBC320021793002E97E7;
			remoteInfo = anansi;
		};
/* End PBXContainerItemProxy section */

/* Begin PBXFileReference section */
		2C70FBC420021793002E97E7 /* anansi.app */ = {isa = PBXFileReference; explicitFileType = wrapper.application; includeInIndex = 0; path = anansi.app; sourceTree = BUILT_PRODUCTS_DIR; };
		2C70FBC720021793002E97E7 /* AppDelegate.swift */ = {isa = PBXFileReference; lastKnownFileType = sourcecode.swift; path = AppDelegate.swift; sourceTree = "<group>"; };
		2C70FBD020021793002E97E7 /* Assets.xcassets */ = {isa = PBXFileReference; lastKnownFileType = folder.assetcatalog; path = Assets.xcassets; sourceTree = "<group>"; };
		2C70FBD320021793002E97E7 /* Base */ = {isa = PBXFileReference; lastKnownFileType = file.storyboard; name = Base; path = Base.lproj/LaunchScreen.storyboard; sourceTree = "<group>"; };
		2C70FBD520021793002E97E7 /* Info.plist */ = {isa = PBXFileReference; lastKnownFileType = text.plist.xml; path = Info.plist; sourceTree = "<group>"; };
		2C70FBDA20021794002E97E7 /* anansiTests.xctest */ = {isa = PBXFileReference; explicitFileType = wrapper.cfbundle; includeInIndex = 0; path = anansiTests.xctest; sourceTree = BUILT_PRODUCTS_DIR; };
		2C70FBDE20021794002E97E7 /* anansiTests.swift */ = {isa = PBXFileReference; lastKnownFileType = sourcecode.swift; path = anansiTests.swift; sourceTree = "<group>"; };
		2C70FBE020021794002E97E7 /* Info.plist */ = {isa = PBXFileReference; lastKnownFileType = text.plist.xml; path = Info.plist; sourceTree = "<group>"; };
		2C70FBE520021794002E97E7 /* anansiUITests.xctest */ = {isa = PBXFileReference; explicitFileType = wrapper.cfbundle; includeInIndex = 0; path = anansiUITests.xctest; sourceTree = BUILT_PRODUCTS_DIR; };
		2C70FBE920021794002E97E7 /* anansiUITests.swift */ = {isa = PBXFileReference; lastKnownFileType = sourcecode.swift; path = anansiUITests.swift; sourceTree = "<group>"; };
		2C70FBEB20021794002E97E7 /* Info.plist */ = {isa = PBXFileReference; lastKnownFileType = text.plist.xml; path = Info.plist; sourceTree = "<group>"; };
		2C7B601120044CFA00FF5488 /* Extensions.swift */ = {isa = PBXFileReference; lastKnownFileType = sourcecode.swift; path = Extensions.swift; sourceTree = "<group>"; };
		2C7B601520044F4D00FF5488 /* TabBarController.swift */ = {isa = PBXFileReference; lastKnownFileType = sourcecode.swift; path = TabBarController.swift; sourceTree = "<group>"; };
		2C7B60172004665500FF5488 /* ProfileViewController.swift */ = {isa = PBXFileReference; lastKnownFileType = sourcecode.swift; path = ProfileViewController.swift; sourceTree = "<group>"; };
		2C7B60192004666100FF5488 /* EventViewController.swift */ = {isa = PBXFileReference; lastKnownFileType = sourcecode.swift; path = EventViewController.swift; sourceTree = "<group>"; };
		2C7B601B2004666A00FF5488 /* ExploreViewController.swift */ = {isa = PBXFileReference; lastKnownFileType = sourcecode.swift; path = ExploreViewController.swift; sourceTree = "<group>"; };
		2C7B601D2004675C00FF5488 /* SettingsViewController.swift */ = {isa = PBXFileReference; lastKnownFileType = sourcecode.swift; path = SettingsViewController.swift; sourceTree = "<group>"; };
		2CCE51FC20060E4A00DFC9B1 /* Constants.swift */ = {isa = PBXFileReference; lastKnownFileType = sourcecode.swift; path = Constants.swift; sourceTree = "<group>"; };
/* End PBXFileReference section */

/* Begin PBXFrameworksBuildPhase section */
		2C70FBC120021793002E97E7 /* Frameworks */ = {
			isa = PBXFrameworksBuildPhase;
			buildActionMask = 2147483647;
			files = (
			);
			runOnlyForDeploymentPostprocessing = 0;
		};
		2C70FBD720021794002E97E7 /* Frameworks */ = {
			isa = PBXFrameworksBuildPhase;
			buildActionMask = 2147483647;
			files = (
			);
			runOnlyForDeploymentPostprocessing = 0;
		};
		2C70FBE220021794002E97E7 /* Frameworks */ = {
			isa = PBXFrameworksBuildPhase;
			buildActionMask = 2147483647;
			files = (
			);
			runOnlyForDeploymentPostprocessing = 0;
		};
/* End PBXFrameworksBuildPhase section */

/* Begin PBXGroup section */
		2C70FBBB20021793002E97E7 = {
			isa = PBXGroup;
			children = (
				2C70FBC620021793002E97E7 /* anansi */,
				2C70FBDD20021794002E97E7 /* anansiTests */,
				2C70FBE820021794002E97E7 /* anansiUITests */,
				2C70FBC520021793002E97E7 /* Products */,
			);
			sourceTree = "<group>";
		};
		2C70FBC520021793002E97E7 /* Products */ = {
			isa = PBXGroup;
			children = (
				2C70FBC420021793002E97E7 /* anansi.app */,
				2C70FBDA20021794002E97E7 /* anansiTests.xctest */,
				2C70FBE520021794002E97E7 /* anansiUITests.xctest */,
			);
			name = Products;
			sourceTree = "<group>";
		};
		2C70FBC620021793002E97E7 /* anansi */ = {
			isa = PBXGroup;
			children = (
				2C70FBC720021793002E97E7 /* AppDelegate.swift */,
				2CCE51FC20060E4A00DFC9B1 /* Constants.swift */,
				2C7B601120044CFA00FF5488 /* Extensions.swift */,
				2C7B601520044F4D00FF5488 /* TabBarController.swift */,
				2C7B60192004666100FF5488 /* EventViewController.swift */,
				2C7B601B2004666A00FF5488 /* ExploreViewController.swift */,
				2C7B60172004665500FF5488 /* ProfileViewController.swift */,
				2C7B601D2004675C00FF5488 /* SettingsViewController.swift */,
				2C70FBD020021793002E97E7 /* Assets.xcassets */,
				2C70FBD220021793002E97E7 /* LaunchScreen.storyboard */,
				2C70FBD520021793002E97E7 /* Info.plist */,
			);
			path = anansi;
			sourceTree = "<group>";
		};
		2C70FBDD20021794002E97E7 /* anansiTests */ = {
			isa = PBXGroup;
			children = (
				2C70FBDE20021794002E97E7 /* anansiTests.swift */,
				2C70FBE020021794002E97E7 /* Info.plist */,
			);
			path = anansiTests;
			sourceTree = "<group>";
		};
		2C70FBE820021794002E97E7 /* anansiUITests */ = {
			isa = PBXGroup;
			children = (
				2C70FBE920021794002E97E7 /* anansiUITests.swift */,
				2C70FBEB20021794002E97E7 /* Info.plist */,
			);
			path = anansiUITests;
			sourceTree = "<group>";
		};
/* End PBXGroup section */

/* Begin PBXNativeTarget section */
		2C70FBC320021793002E97E7 /* anansi */ = {
			isa = PBXNativeTarget;
			buildConfigurationList = 2C70FBEE20021794002E97E7 /* Build configuration list for PBXNativeTarget "anansi" */;
			buildPhases = (
				2C70FBC020021793002E97E7 /* Sources */,
				2C70FBC120021793002E97E7 /* Frameworks */,
				2C70FBC220021793002E97E7 /* Resources */,
			);
			buildRules = (
			);
			dependencies = (
			);
			name = anansi;
			productName = anansi;
			productReference = 2C70FBC420021793002E97E7 /* anansi.app */;
			productType = "com.apple.product-type.application";
		};
		2C70FBD920021794002E97E7 /* anansiTests */ = {
			isa = PBXNativeTarget;
			buildConfigurationList = 2C70FBF120021794002E97E7 /* Build configuration list for PBXNativeTarget "anansiTests" */;
			buildPhases = (
				2C70FBD620021794002E97E7 /* Sources */,
				2C70FBD720021794002E97E7 /* Frameworks */,
				2C70FBD820021794002E97E7 /* Resources */,
			);
			buildRules = (
			);
			dependencies = (
				2C70FBDC20021794002E97E7 /* PBXTargetDependency */,
			);
			name = anansiTests;
			productName = anansiTests;
			productReference = 2C70FBDA20021794002E97E7 /* anansiTests.xctest */;
			productType = "com.apple.product-type.bundle.unit-test";
		};
		2C70FBE420021794002E97E7 /* anansiUITests */ = {
			isa = PBXNativeTarget;
			buildConfigurationList = 2C70FBF420021794002E97E7 /* Build configuration list for PBXNativeTarget "anansiUITests" */;
			buildPhases = (
				2C70FBE120021794002E97E7 /* Sources */,
				2C70FBE220021794002E97E7 /* Frameworks */,
				2C70FBE320021794002E97E7 /* Resources */,
			);
			buildRules = (
			);
			dependencies = (
				2C70FBE720021794002E97E7 /* PBXTargetDependency */,
			);
			name = anansiUITests;
			productName = anansiUITests;
			productReference = 2C70FBE520021794002E97E7 /* anansiUITests.xctest */;
			productType = "com.apple.product-type.bundle.ui-testing";
		};
/* End PBXNativeTarget section */

/* Begin PBXProject section */
		2C70FBBC20021793002E97E7 /* Project object */ = {
			isa = PBXProject;
			attributes = {
				LastSwiftUpdateCheck = 0920;
				LastUpgradeCheck = 0920;
				ORGANIZATIONNAME = "João Apura";
				TargetAttributes = {
					2C70FBC320021793002E97E7 = {
						CreatedOnToolsVersion = 9.2;
						ProvisioningStyle = Automatic;
					};
					2C70FBD920021794002E97E7 = {
						CreatedOnToolsVersion = 9.2;
						ProvisioningStyle = Automatic;
						TestTargetID = 2C70FBC320021793002E97E7;
					};
					2C70FBE420021794002E97E7 = {
						CreatedOnToolsVersion = 9.2;
						ProvisioningStyle = Automatic;
						TestTargetID = 2C70FBC320021793002E97E7;
					};
				};
			};
			buildConfigurationList = 2C70FBBF20021793002E97E7 /* Build configuration list for PBXProject "anansi" */;
			compatibilityVersion = "Xcode 8.0";
			developmentRegion = en;
			hasScannedForEncodings = 0;
			knownRegions = (
				en,
				Base,
			);
			mainGroup = 2C70FBBB20021793002E97E7;
			productRefGroup = 2C70FBC520021793002E97E7 /* Products */;
			projectDirPath = "";
			projectRoot = "";
			targets = (
				2C70FBC320021793002E97E7 /* anansi */,
				2C70FBD920021794002E97E7 /* anansiTests */,
				2C70FBE420021794002E97E7 /* anansiUITests */,
			);
		};
/* End PBXProject section */

/* Begin PBXResourcesBuildPhase section */
		2C70FBC220021793002E97E7 /* Resources */ = {
			isa = PBXResourcesBuildPhase;
			buildActionMask = 2147483647;
			files = (
				2C70FBD420021793002E97E7 /* LaunchScreen.storyboard in Resources */,
				2C70FBD120021793002E97E7 /* Assets.xcassets in Resources */,
			);
			runOnlyForDeploymentPostprocessing = 0;
		};
		2C70FBD820021794002E97E7 /* Resources */ = {
			isa = PBXResourcesBuildPhase;
			buildActionMask = 2147483647;
			files = (
			);
			runOnlyForDeploymentPostprocessing = 0;
		};
		2C70FBE320021794002E97E7 /* Resources */ = {
			isa = PBXResourcesBuildPhase;
			buildActionMask = 2147483647;
			files = (
			);
			runOnlyForDeploymentPostprocessing = 0;
		};
/* End PBXResourcesBuildPhase section */

/* Begin PBXSourcesBuildPhase section */
		2C70FBC020021793002E97E7 /* Sources */ = {
			isa = PBXSourcesBuildPhase;
			buildActionMask = 2147483647;
			files = (
				2C7B60182004665500FF5488 /* ProfileViewController.swift in Sources */,
				2C7B601A2004666100FF5488 /* EventViewController.swift in Sources */,
				2C7B601E2004675C00FF5488 /* SettingsViewController.swift in Sources */,
				2C70FBC820021793002E97E7 /* AppDelegate.swift in Sources */,
				2C7B601C2004666A00FF5488 /* ExploreViewController.swift in Sources */,
				2C7B601620044F4D00FF5488 /* TabBarController.swift in Sources */,
				2C7B601220044CFA00FF5488 /* Extensions.swift in Sources */,
				2CCE51FD20060E4A00DFC9B1 /* Constants.swift in Sources */,
			);
			runOnlyForDeploymentPostprocessing = 0;
		};
		2C70FBD620021794002E97E7 /* Sources */ = {
			isa = PBXSourcesBuildPhase;
			buildActionMask = 2147483647;
			files = (
				2C70FBDF20021794002E97E7 /* anansiTests.swift in Sources */,
			);
			runOnlyForDeploymentPostprocessing = 0;
		};
		2C70FBE120021794002E97E7 /* Sources */ = {
			isa = PBXSourcesBuildPhase;
			buildActionMask = 2147483647;
			files = (
				2C70FBEA20021794002E97E7 /* anansiUITests.swift in Sources */,
			);
			runOnlyForDeploymentPostprocessing = 0;
		};
/* End PBXSourcesBuildPhase section */

/* Begin PBXTargetDependency section */
		2C70FBDC20021794002E97E7 /* PBXTargetDependency */ = {
			isa = PBXTargetDependency;
			target = 2C70FBC320021793002E97E7 /* anansi */;
			targetProxy = 2C70FBDB20021794002E97E7 /* PBXContainerItemProxy */;
		};
		2C70FBE720021794002E97E7 /* PBXTargetDependency */ = {
			isa = PBXTargetDependency;
			target = 2C70FBC320021793002E97E7 /* anansi */;
			targetProxy = 2C70FBE620021794002E97E7 /* PBXContainerItemProxy */;
		};
/* End PBXTargetDependency section */

/* Begin PBXVariantGroup section */
		2C70FBD220021793002E97E7 /* LaunchScreen.storyboard */ = {
			isa = PBXVariantGroup;
			children = (
				2C70FBD320021793002E97E7 /* Base */,
			);
			name = LaunchScreen.storyboard;
			sourceTree = "<group>";
		};
/* End PBXVariantGroup section */

/* Begin XCBuildConfiguration section */
		2C70FBEC20021794002E97E7 /* Debug */ = {
			isa = XCBuildConfiguration;
			buildSettings = {
				ALWAYS_SEARCH_USER_PATHS = NO;
				CLANG_ANALYZER_NONNULL = YES;
				CLANG_ANALYZER_NUMBER_OBJECT_CONVERSION = YES_AGGRESSIVE;
				CLANG_CXX_LANGUAGE_STANDARD = "gnu++14";
				CLANG_CXX_LIBRARY = "libc++";
				CLANG_ENABLE_MODULES = YES;
				CLANG_ENABLE_OBJC_ARC = YES;
				CLANG_WARN_BLOCK_CAPTURE_AUTORELEASING = YES;
				CLANG_WARN_BOOL_CONVERSION = YES;
				CLANG_WARN_COMMA = YES;
				CLANG_WARN_CONSTANT_CONVERSION = YES;
				CLANG_WARN_DIRECT_OBJC_ISA_USAGE = YES_ERROR;
				CLANG_WARN_DOCUMENTATION_COMMENTS = YES;
				CLANG_WARN_EMPTY_BODY = YES;
				CLANG_WARN_ENUM_CONVERSION = YES;
				CLANG_WARN_INFINITE_RECURSION = YES;
				CLANG_WARN_INT_CONVERSION = YES;
				CLANG_WARN_NON_LITERAL_NULL_CONVERSION = YES;
				CLANG_WARN_OBJC_LITERAL_CONVERSION = YES;
				CLANG_WARN_OBJC_ROOT_CLASS = YES_ERROR;
				CLANG_WARN_RANGE_LOOP_ANALYSIS = YES;
				CLANG_WARN_STRICT_PROTOTYPES = YES;
				CLANG_WARN_SUSPICIOUS_MOVE = YES;
				CLANG_WARN_UNGUARDED_AVAILABILITY = YES_AGGRESSIVE;
				CLANG_WARN_UNREACHABLE_CODE = YES;
				CLANG_WARN__DUPLICATE_METHOD_MATCH = YES;
				CODE_SIGN_IDENTITY = "iPhone Developer";
				COPY_PHASE_STRIP = NO;
				DEBUG_INFORMATION_FORMAT = dwarf;
				ENABLE_STRICT_OBJC_MSGSEND = YES;
				ENABLE_TESTABILITY = YES;
				GCC_C_LANGUAGE_STANDARD = gnu11;
				GCC_DYNAMIC_NO_PIC = NO;
				GCC_NO_COMMON_BLOCKS = YES;
				GCC_OPTIMIZATION_LEVEL = 0;
				GCC_PREPROCESSOR_DEFINITIONS = (
					"DEBUG=1",
					"$(inherited)",
				);
				GCC_WARN_64_TO_32_BIT_CONVERSION = YES;
				GCC_WARN_ABOUT_RETURN_TYPE = YES_ERROR;
				GCC_WARN_UNDECLARED_SELECTOR = YES;
				GCC_WARN_UNINITIALIZED_AUTOS = YES_AGGRESSIVE;
				GCC_WARN_UNUSED_FUNCTION = YES;
				GCC_WARN_UNUSED_VARIABLE = YES;
				IPHONEOS_DEPLOYMENT_TARGET = 11.2;
				MTL_ENABLE_DEBUG_INFO = YES;
				ONLY_ACTIVE_ARCH = YES;
				SDKROOT = iphoneos;
				SWIFT_ACTIVE_COMPILATION_CONDITIONS = DEBUG;
				SWIFT_OPTIMIZATION_LEVEL = "-Onone";
			};
			name = Debug;
		};
		2C70FBED20021794002E97E7 /* Release */ = {
			isa = XCBuildConfiguration;
			buildSettings = {
				ALWAYS_SEARCH_USER_PATHS = NO;
				CLANG_ANALYZER_NONNULL = YES;
				CLANG_ANALYZER_NUMBER_OBJECT_CONVERSION = YES_AGGRESSIVE;
				CLANG_CXX_LANGUAGE_STANDARD = "gnu++14";
				CLANG_CXX_LIBRARY = "libc++";
				CLANG_ENABLE_MODULES = YES;
				CLANG_ENABLE_OBJC_ARC = YES;
				CLANG_WARN_BLOCK_CAPTURE_AUTORELEASING = YES;
				CLANG_WARN_BOOL_CONVERSION = YES;
				CLANG_WARN_COMMA = YES;
				CLANG_WARN_CONSTANT_CONVERSION = YES;
				CLANG_WARN_DIRECT_OBJC_ISA_USAGE = YES_ERROR;
				CLANG_WARN_DOCUMENTATION_COMMENTS = YES;
				CLANG_WARN_EMPTY_BODY = YES;
				CLANG_WARN_ENUM_CONVERSION = YES;
				CLANG_WARN_INFINITE_RECURSION = YES;
				CLANG_WARN_INT_CONVERSION = YES;
				CLANG_WARN_NON_LITERAL_NULL_CONVERSION = YES;
				CLANG_WARN_OBJC_LITERAL_CONVERSION = YES;
				CLANG_WARN_OBJC_ROOT_CLASS = YES_ERROR;
				CLANG_WARN_RANGE_LOOP_ANALYSIS = YES;
				CLANG_WARN_STRICT_PROTOTYPES = YES;
				CLANG_WARN_SUSPICIOUS_MOVE = YES;
				CLANG_WARN_UNGUARDED_AVAILABILITY = YES_AGGRESSIVE;
				CLANG_WARN_UNREACHABLE_CODE = YES;
				CLANG_WARN__DUPLICATE_METHOD_MATCH = YES;
				CODE_SIGN_IDENTITY = "iPhone Developer";
				COPY_PHASE_STRIP = NO;
				DEBUG_INFORMATION_FORMAT = "dwarf-with-dsym";
				ENABLE_NS_ASSERTIONS = NO;
				ENABLE_STRICT_OBJC_MSGSEND = YES;
				GCC_C_LANGUAGE_STANDARD = gnu11;
				GCC_NO_COMMON_BLOCKS = YES;
				GCC_WARN_64_TO_32_BIT_CONVERSION = YES;
				GCC_WARN_ABOUT_RETURN_TYPE = YES_ERROR;
				GCC_WARN_UNDECLARED_SELECTOR = YES;
				GCC_WARN_UNINITIALIZED_AUTOS = YES_AGGRESSIVE;
				GCC_WARN_UNUSED_FUNCTION = YES;
				GCC_WARN_UNUSED_VARIABLE = YES;
				IPHONEOS_DEPLOYMENT_TARGET = 11.2;
				MTL_ENABLE_DEBUG_INFO = NO;
				SDKROOT = iphoneos;
				SWIFT_OPTIMIZATION_LEVEL = "-Owholemodule";
				VALIDATE_PRODUCT = YES;
			};
			name = Release;
		};
		2C70FBEF20021794002E97E7 /* Debug */ = {
			isa = XCBuildConfiguration;
			buildSettings = {
				ASSETCATALOG_COMPILER_APPICON_NAME = AppIcon;
				CODE_SIGN_STYLE = Automatic;
				DEVELOPMENT_TEAM = BHE99ZFAUF;
				INFOPLIST_FILE = anansi/Info.plist;
				LD_RUNPATH_SEARCH_PATHS = "$(inherited) @executable_path/Frameworks";
				PRODUCT_BUNDLE_IDENTIFIER = com.JNGApura.anansi;
				PRODUCT_NAME = "$(TARGET_NAME)";
				SWIFT_VERSION = 4.0;
				TARGETED_DEVICE_FAMILY = "1,2";
			};
			name = Debug;
		};
		2C70FBF020021794002E97E7 /* Release */ = {
			isa = XCBuildConfiguration;
			buildSettings = {
				ASSETCATALOG_COMPILER_APPICON_NAME = AppIcon;
				CODE_SIGN_STYLE = Automatic;
				DEVELOPMENT_TEAM = BHE99ZFAUF;
				INFOPLIST_FILE = anansi/Info.plist;
				LD_RUNPATH_SEARCH_PATHS = "$(inherited) @executable_path/Frameworks";
				PRODUCT_BUNDLE_IDENTIFIER = com.JNGApura.anansi;
				PRODUCT_NAME = "$(TARGET_NAME)";
				SWIFT_VERSION = 4.0;
				TARGETED_DEVICE_FAMILY = "1,2";
			};
			name = Release;
		};
		2C70FBF220021794002E97E7 /* Debug */ = {
			isa = XCBuildConfiguration;
			buildSettings = {
				ALWAYS_EMBED_SWIFT_STANDARD_LIBRARIES = YES;
				BUNDLE_LOADER = "$(TEST_HOST)";
				CODE_SIGN_STYLE = Automatic;
				INFOPLIST_FILE = anansiTests/Info.plist;
				LD_RUNPATH_SEARCH_PATHS = "$(inherited) @executable_path/Frameworks @loader_path/Frameworks";
				PRODUCT_BUNDLE_IDENTIFIER = com.JNGApura.anansiTests;
				PRODUCT_NAME = "$(TARGET_NAME)";
				SWIFT_VERSION = 4.0;
				TARGETED_DEVICE_FAMILY = "1,2";
				TEST_HOST = "$(BUILT_PRODUCTS_DIR)/anansi.app/anansi";
			};
			name = Debug;
		};
		2C70FBF320021794002E97E7 /* Release */ = {
			isa = XCBuildConfiguration;
			buildSettings = {
				ALWAYS_EMBED_SWIFT_STANDARD_LIBRARIES = YES;
				BUNDLE_LOADER = "$(TEST_HOST)";
				CODE_SIGN_STYLE = Automatic;
				INFOPLIST_FILE = anansiTests/Info.plist;
				LD_RUNPATH_SEARCH_PATHS = "$(inherited) @executable_path/Frameworks @loader_path/Frameworks";
				PRODUCT_BUNDLE_IDENTIFIER = com.JNGApura.anansiTests;
				PRODUCT_NAME = "$(TARGET_NAME)";
				SWIFT_VERSION = 4.0;
				TARGETED_DEVICE_FAMILY = "1,2";
				TEST_HOST = "$(BUILT_PRODUCTS_DIR)/anansi.app/anansi";
			};
			name = Release;
		};
		2C70FBF520021794002E97E7 /* Debug */ = {
			isa = XCBuildConfiguration;
			buildSettings = {
				ALWAYS_EMBED_SWIFT_STANDARD_LIBRARIES = YES;
				CODE_SIGN_STYLE = Automatic;
				INFOPLIST_FILE = anansiUITests/Info.plist;
				LD_RUNPATH_SEARCH_PATHS = "$(inherited) @executable_path/Frameworks @loader_path/Frameworks";
				PRODUCT_BUNDLE_IDENTIFIER = com.JNGApura.anansiUITests;
				PRODUCT_NAME = "$(TARGET_NAME)";
				SWIFT_VERSION = 4.0;
				TARGETED_DEVICE_FAMILY = "1,2";
				TEST_TARGET_NAME = anansi;
			};
			name = Debug;
		};
		2C70FBF620021794002E97E7 /* Release */ = {
			isa = XCBuildConfiguration;
			buildSettings = {
				ALWAYS_EMBED_SWIFT_STANDARD_LIBRARIES = YES;
				CODE_SIGN_STYLE = Automatic;
				INFOPLIST_FILE = anansiUITests/Info.plist;
				LD_RUNPATH_SEARCH_PATHS = "$(inherited) @executable_path/Frameworks @loader_path/Frameworks";
				PRODUCT_BUNDLE_IDENTIFIER = com.JNGApura.anansiUITests;
				PRODUCT_NAME = "$(TARGET_NAME)";
				SWIFT_VERSION = 4.0;
				TARGETED_DEVICE_FAMILY = "1,2";
				TEST_TARGET_NAME = anansi;
			};
			name = Release;
		};
/* End XCBuildConfiguration section */

/* Begin XCConfigurationList section */
		2C70FBBF20021793002E97E7 /* Build configuration list for PBXProject "anansi" */ = {
			isa = XCConfigurationList;
			buildConfigurations = (
				2C70FBEC20021794002E97E7 /* Debug */,
				2C70FBED20021794002E97E7 /* Release */,
			);
			defaultConfigurationIsVisible = 0;
			defaultConfigurationName = Release;
		};
		2C70FBEE20021794002E97E7 /* Build configuration list for PBXNativeTarget "anansi" */ = {
			isa = XCConfigurationList;
			buildConfigurations = (
				2C70FBEF20021794002E97E7 /* Debug */,
				2C70FBF020021794002E97E7 /* Release */,
			);
			defaultConfigurationIsVisible = 0;
			defaultConfigurationName = Release;
		};
		2C70FBF120021794002E97E7 /* Build configuration list for PBXNativeTarget "anansiTests" */ = {
			isa = XCConfigurationList;
			buildConfigurations = (
				2C70FBF220021794002E97E7 /* Debug */,
				2C70FBF320021794002E97E7 /* Release */,
			);
			defaultConfigurationIsVisible = 0;
			defaultConfigurationName = Release;
		};
		2C70FBF420021794002E97E7 /* Build configuration list for PBXNativeTarget "anansiUITests" */ = {
			isa = XCConfigurationList;
			buildConfigurations = (
				2C70FBF520021794002E97E7 /* Debug */,
				2C70FBF620021794002E97E7 /* Release */,
			);
			defaultConfigurationIsVisible = 0;
			defaultConfigurationName = Release;
		};
/* End XCConfigurationList section */
	};
	rootObject = 2C70FBBC20021793002E97E7 /* Project object */;
}
